Microsoft Visual Studio Solution File, Format Version 12.00
# Visual Studio 14
VisualStudioVersion = 14.0.25420.1
MinimumVisualStudioVersion = 10.0.40219.1
Project("{8BC9CEB8-8B4A-11D0-8D11-00A0C91BC942}") = "ZQlib", "ZQlib\ZQlib.vcxproj", "{D868FFAD-41A9-4E1C-B2BC-137324CFF4DE}"
EndProject
Project("{8BC9CEB8-8B4A-11D0-8D11-00A0C91BC942}") = "SampleMathBase", "SampleMathBase\SampleMathBase.vcxproj", "{F066E090-04B4-4611-9344-A89221288143}"
EndProject
Project("{8BC9CEB8-8B4A-11D0-8D11-00A0C91BC942}") = "SampleMatrix", "SampleMatrix\SampleMatrix.vcxproj", "{1680A17E-D4D2-4C92-B5CA-CDCB2F1835A3}"
EndProject
Project("{8BC9CEB8-8B4A-11D0-8D11-00A0C91BC942}") = "SampleSVD", "SampleSVD\SampleSVD.vcxproj", "{BB13D768-37A9-4062-B17C-CEFD6C55E561}"
EndProject
Project("{8BC9CEB8-8B4A-11D0-8D11-00A0C91BC942}") = "SampleLevMar", "SampleLevMar\SampleLevMar.vcxproj", "{86EF27DE-82F2-42B0-A132-49143345A9CF}"
EndProject
Project("{8BC9CEB8-8B4A-11D0-8D11-00A0C91BC942}") = "SampleTaucsBase", "SampleTaucsBase\SampleTaucsBase.vcxproj", "{3359CCBE-F3A3-4ACA-8DCF-ED285AC7B2BB}"
EndProject
Project("{8BC9CEB8-8B4A-11D0-8D11-00A0C91BC942}") = "SamplePCGSolver", "SamplePCGSolver\SamplePCGSolver.vcxproj", "{4BD7EE85-971A-4CDD-959A-4E7EDD86413D}"
EndProject
Project("{8BC9CEB8-8B4A-11D0-8D11-00A0C91BC942}") = "SampleLSQRSolver", "SampleLSQRSolver\SampleLSQRSolver.vcxproj", "{B10AAC20-A1B7-4896-8A9F-0231F697E8C5}"
EndProject
Project("{8BC9CEB8-8B4A-11D0-8D11-00A0C91BC942}") = "SampleImageProcessing", "SampleImageProcessing\SampleImageProcessing.vcxproj", "{51B79C0B-3B72-4039-9C66-4B909EE0ABBA}"
EndProject
Project("{8BC9CEB8-8B4A-11D0-8D11-00A0C91BC942}") = "SampleSparseMatrix", "SampleSparseMatrix\SampleSparseMatrix.vcxproj", "{11152137-59EA-4377-8BC6-2D60411FB54D}"
EndProject
Project("{8BC9CEB8-8B4A-11D0-8D11-00A0C91BC942}") = "SampleCompressImageRaw", "SampleCompressImageRaw\SampleCompressImageRaw.vcxproj", "{A03D7190-67C5-44BE-B31C-C0AB7EB815CC}"
EndProject
Project("{8BC9CEB8-8B4A-11D0-8D11-00A0C91BC942}") = "SampleHuffman", "SampleHuffman\SampleHuffman.vcxproj", "{02E26FF5-F6A7-4AE3-AD7E-570A7DE1044B}"
EndProject
Project("{8BC9CEB8-8B4A-11D0-8D11-00A0C91BC942}") = "SampleKDTree", "SampleKDTree\SampleKDTree.vcxproj", "{29D45513-369B-4B72-B091-33E86F0BF5A1}"
EndProject
Project("{8BC9CEB8-8B4A-11D0-8D11-00A0C91BC942}") = "SampleKahansum", "SampleKahansum\SampleKahansum.vcxproj", "{EF7ADE16-7B71-4ED6-856C-407868A4BC4B}"
EndProject
Project("{8BC9CEB8-8B4A-11D0-8D11-00A0C91BC942}") = "SampleBitonicSort", "SampleBitonicSort\SampleBitonicSort.vcxproj", "{803E041F-C0E0-4D82-BAC1-C587D3A71377}"
EndProject
Project("{8BC9CEB8-8B4A-11D0-8D11-00A0C91BC942}") = "SampleScatteredInterpolation", "SampleScatteredInterpolation\SampleScatteredInterpolation.vcxproj", "{FE620EA2-8319-4B95-AACE-EFE5547379D7}"
EndProject
Project("{8BC9CEB8-8B4A-11D0-8D11-00A0C91BC942}") = "SampleSparseLevMar", "SampleSparseLevMar\SampleSparseLevMar.vcxproj", "{8B0C4F36-7AA7-4930-8ECD-BF129C9DCBCF}"
EndProject
Project("{8BC9CEB8-8B4A-11D0-8D11-00A0C91BC942}") = "SampleWarping", "SampleWarping\SampleWarping.vcxproj", "{804EE43D-5FC4-48F5-8001-5FBF52E7FE20}"
EndProject
Project("{8BC9CEB8-8B4A-11D0-8D11-00A0C91BC942}") = "SampleSmoke2D", "SampleSmoke2D\SampleSmoke2D.vcxproj", "{AE2D1B22-5843-4900-ACE7-ACC0DCA15D05}"
EndProject
Project("{8BC9CEB8-8B4A-11D0-8D11-00A0C91BC942}") = "SampleOpticalFlow", "SampleOpticalFlow\SampleOpticalFlow.vcxproj", "{25C990D5-F66C-4490-82E9-25812766521C}"
EndProject
Project("{8BC9CEB8-8B4A-11D0-8D11-00A0C91BC942}") = "SampleSmoke3D", "SampleSmoke3D\SampleSmoke3D.vcxproj", "{8552AD79-8BCE-4766-8B47-075669C06C97}"
EndProject
Project("{8BC9CEB8-8B4A-11D0-8D11-00A0C91BC942}") = "SampleOpticalFlow3D", "SampleOpticalFlow3D\SampleOpticalFlow3D.vcxproj", "{932B6D81-1248-4AD6-843D-BD211A1FC03B}"
EndProject
Project("{8BC9CEB8-8B4A-11D0-8D11-00A0C91BC942}") = "SampleBilateralFilter", "SampleBilateralFilter\SampleBilateralFilter.vcxproj", "{5D5F2AD8-D8ED-4A0D-9C8E-253202440210}"
EndProject
Project("{8BC9CEB8-8B4A-11D0-8D11-00A0C91BC942}") = "SampleStructureFromTexture", "SampleStructureFromTexture\SampleStructureFromTexture.vcxproj", "{23187E52-7C8A-4CEF-931E-60F0EB3B5150}"
EndProject
Project("{8BC9CEB8-8B4A-11D0-8D11-00A0C91BC942}") = "SampleTextureOptimization", "SampleTextureOptimization\SampleTextureOptimization.vcxproj", "{ADEE67CA-2918-4D6F-B713-BF3F284EB080}"
EndProject
Project("{8BC9CEB8-8B4A-11D0-8D11-00A0C91BC942}") = "SampleInpainting", "SampleInpainting\SampleInpainting.vcxproj", "{520B9064-1ED4-494B-8B93-A49736CEE7D8}"
EndProject
Project("{8BC9CEB8-8B4A-11D0-8D11-00A0C91BC942}") = "SampleShapeDeformation", "SampleShapeDeformation\SampleShapeDeformation.vcxproj", "{1F14C744-A98A-409E-8464-60C90DE7C280}"
EndProject
Project("{8BC9CEB8-8B4A-11D0-8D11-00A0C91BC942}") = "SampleBinaryImageContour", "SampleBinaryImageContour\SampleBinaryImageContour.vcxproj", "{F65AFB6F-6043-4C47-9086-2677ACDC2475}"
EndProject
Project("{8BC9CEB8-8B4A-11D0-8D11-00A0C91BC942}") = "SampleBlendTwoImages", "SampleBlendTwoImages\SampleBlendTwoImages.vcxproj", "{052A9A2D-5667-4FA7-9DE3-BF1A21A15D86}"
EndProject
Project("{8BC9CEB8-8B4A-11D0-8D11-00A0C91BC942}") = "SampleBlendTwoImages3D", "SampleBlendTwoImages3D\SampleBlendTwoImages3D.vcxproj", "{24441C2B-227B-42A1-B3C1-A9B0D2B8CAB5}"
EndProject
Project("{8BC9CEB8-8B4A-11D0-8D11-00A0C91BC942}") = "SampleGridDeformation", "SampleGridDeformation\SampleGridDeformation.vcxproj", "{8EBAB412-73E9-41CF-991A-8FDE1C477F38}"
EndProject
Project("{8BC9CEB8-8B4A-11D0-8D11-00A0C91BC942}") = "SampleGridDeformation3D", "SampleGridDeformation3D\SampleGridDeformation3D.vcxproj", "{755A92E4-A9EF-44FE-9434-F966AF1AF07B}"
EndProject
Project("{8BC9CEB8-8B4A-11D0-8D11-00A0C91BC942}") = "SamplePoissonEditing", "SamplePoissonEditing\SamplePoissonEditing.vcxproj", "{8C42799A-8243-42F5-9839-52F32891B8A5}"
EndProject
Project("{8BC9CEB8-8B4A-11D0-8D11-00A0C91BC942}") = "SamplePoissonEditing3D", "SamplePoissonEditing3D\SamplePoissonEditing3D.vcxproj", "{16EFE768-0F08-4ED6-B5BB-45C182E21DE5}"
EndProject
Project("{8BC9CEB8-8B4A-11D0-8D11-00A0C91BC942}") = "SampleICP", "SampleICP\SampleICP.vcxproj", "{D3253074-5F3E-4761-8DF3-BE893F600824}"
EndProject
Project("{8BC9CEB8-8B4A-11D0-8D11-00A0C91BC942}") = "SampleObjLoader", "SampleObjLoader\SampleObjLoader.vcxproj", "{EE3916A5-6E3A-4D34-BC14-F0D76BE40D69}"
EndProject
Project("{8BC9CEB8-8B4A-11D0-8D11-00A0C91BC942}") = "SampleScanLine", "SampleScanLine\SampleScanLine.vcxproj", "{B9E86D43-2FF8-427C-B50C-F3F98DE3B433}"
EndProject
Project("{8BC9CEB8-8B4A-11D0-8D11-00A0C91BC942}") = "SampleStreamlineRK4", "SampleStreamlineRK4\SampleStreamlineRK4.vcxproj", "{5CE72195-A18E-4151-B9BC-4EBA04D73C1C}"
EndProject
Project("{8BC9CEB8-8B4A-11D0-8D11-00A0C91BC942}") = "SampleStreamline3DRK4", "SampleStreamline3DRK4\SampleStreamline3DRK4.vcxproj", "{B6D6D129-B054-42FB-8FE9-6634930B5B49}"
EndProject
Project("{8BC9CEB8-8B4A-11D0-8D11-00A0C91BC942}") = "SampleMotionFieldSynthesis", "SampleMotionFieldSynthesis\SampleMotionFieldSynthesis.vcxproj", "{2674335C-6DF7-4511-8584-D5B825B9EADD}"
EndProject
Project("{8BC9CEB8-8B4A-11D0-8D11-00A0C91BC942}") = "SampleGraphCut", "SampleGraphCut\SampleGraphCut.vcxproj", "{9B8D0972-ADEA-4062-8828-56B61DA206E4}"
EndProject
Project("{8BC9CEB8-8B4A-11D0-8D11-00A0C91BC942}") = "SampleCPURenderer2D", "SampleCPURenderer2D\SampleCPURenderer2D.vcxproj", "{CB88CFD2-D142-4D2A-BCDB-4BBA0750E38A}"
EndProject
Project("{8BC9CEB8-8B4A-11D0-8D11-00A0C91BC942}") = "SampleMinIndependentSets", "SampleMinIndependentSets\SampleMinIndependentSets.vcxproj", "{0C05CEF5-3D0C-4600-BA00-FB56CADEDAB1}"
EndProject
Project("{8BC9CEB8-8B4A-11D0-8D11-00A0C91BC942}") = "SampleMarchingCube", "SampleMarchingCube\SampleMarchingCube.vcxproj", "{2C7A867D-76DF-448D-B0A7-1FE84AB66D8C}"
EndProject
Project("{8BC9CEB8-8B4A-11D0-8D11-00A0C91BC942}") = "SampleMergeImage", "SampleMergeImage\SampleMergeImage.vcxproj", "{E466D491-A4E5-453E-BEBE-D19B37C1B7D1}"
EndProject
Project("{8BC9CEB8-8B4A-11D0-8D11-00A0C91BC942}") = "SampleCPURenderer3D", "SampleCPURenderer3D\SampleCPURenderer3D.vcxproj", "{6D74ABEB-D840-48F4-8763-7968B3402B07}"
EndProject
Project("{8BC9CEB8-8B4A-11D0-8D11-00A0C91BC942}") = "SampleStereoRectify", "SampleStereoRectify\SampleStereoRectify.vcxproj", "{629F966C-F1E3-4793-B35B-D344477021F0}"
EndProject
Project("{8BC9CEB8-8B4A-11D0-8D11-00A0C91BC942}") = "SampleWeightedMedian", "SampleWeightedMedian\SampleWeightedMedian.vcxproj", "{6C75D09B-BD7A-4BEB-AE78-08BB5DBAC79F}"
EndProject
Project("{8BC9CEB8-8B4A-11D0-8D11-00A0C91BC942}") = "SampleKmeans", "SampleKmeans\SampleKmeans.vcxproj", "{D26F43A7-5597-4E07-A01C-102A23AE997A}"
EndProject
Project("{8BC9CEB8-8B4A-11D0-8D11-00A0C91BC942}") = "SampleLazySnapping", "SampleLazySnapping\SampleLazySnapping.vcxproj", "{F43FCA80-67B8-41A6-983C-E0C3AEFF1A40}"
EndProject
Project("{8BC9CEB8-8B4A-11D0-8D11-00A0C91BC942}") = "SampleInsertFrames", "SampleInsertFrames\SampleInsertFrames.vcxproj", "{A71DEA5C-E1B3-485B-90D7-D7705E1E5A78}"
EndProject
Project("{8BC9CEB8-8B4A-11D0-8D11-00A0C91BC942}") = "SampleClosedFormImageMatting", "SampleClosedFormImageMatting\SampleClosedFormImageMatting.vcxproj", "{77ED1D8A-CC81-4EF8-87AA-E7F1D9CE4289}"
EndProject
Project("{8BC9CEB8-8B4A-11D0-8D11-00A0C91BC942}") = "SampleMGMRESSolver", "SampleMGMRESSolver\SampleMGMRESSolver.vcxproj", "{69CA98FF-B204-4E85-AFDA-2364DFB26235}"
EndProject
Project("{8BC9CEB8-8B4A-11D0-8D11-00A0C91BC942}") = "SampleFFMPEG", "SampleFFMPEG\SampleFFMPEG.vcxproj", "{FF13ED9B-40DB-4AF5-934C-3D3D6A8B1A72}"
EndProject
Project("{8BC9CEB8-8B4A-11D0-8D11-00A0C91BC942}") = "SampleGraphCutTextureSynthesis", "SampleGraphCutTextureSynthesis\SampleGraphCutTextureSynthesis.vcxproj", "{793AAC3D-357F-46EE-A63B-17FB3646822F}"
EndProject
Project("{8BC9CEB8-8B4A-11D0-8D11-00A0C91BC942}") = "SampleRodrigues", "SampleRodrigues\SampleRodrigues.vcxproj", "{27F82A9E-23BD-45BA-A2C0-59D8611D90F2}"
EndProject
Project("{8BC9CEB8-8B4A-11D0-8D11-00A0C91BC942}") = "SampleFindCorners", "SampleFindCorners\SampleFindCorners.vcxproj", "{D57EF22B-03D8-490F-83BE-2493460832EE}"
EndProject
Project("{8BC9CEB8-8B4A-11D0-8D11-00A0C91BC942}") = "SampleFindLargestSubMatrix", "SampleFindLargestSubMatrix\SampleFindLargestSubMatrix.vcxproj", "{C94D40DF-7532-498D-88C3-E210318FD175}"
EndProject
Project("{8BC9CEB8-8B4A-11D0-8D11-00A0C91BC942}") = "SampleNVMLoader", "SampleNVMLoader\SampleNVMLoader.vcxproj", "{812FD9E9-CCAC-46D6-BAE2-6AE18CA6B2B5}"
EndProject
Project("{8BC9CEB8-8B4A-11D0-8D11-00A0C91BC942}") = "SampleSpline", "SampleSpline\SampleSpline.vcxproj", "{6F0B7BD4-5283-49FF-B1D3-508E2C726647}"
EndProject
Project("{8BC9CEB8-8B4A-11D0-8D11-00A0C91BC942}") = "SampleQuaternionSpline", "SampleQuaternionSpline\SampleQuaternionSpline.vcxproj", "{73F993D6-5445-4F9F-BD96-D7066E3FEF36}"
EndProject
Project("{8BC9CEB8-8B4A-11D0-8D11-00A0C91BC942}") = "SampleGMM", "SampleGMM\SampleGMM.vcxproj", "{8810174F-FB02-4FFD-9F2C-0211F7A1320F}"
EndProject
Project("{8BC9CEB8-8B4A-11D0-8D11-00A0C91BC942}") = "SamplePutTextCN", "SamplePutTextCN\SamplePutTextCN.vcxproj", "{ACD4D4D3-0855-4116-8EC8-95733BC75296}"
EndProject
Project("{8BC9CEB8-8B4A-11D0-8D11-00A0C91BC942}") = "SampleBilateralTextureFilter", "SampleBilateralTextureFilter\SampleBilateralTextureFilter.vcxproj", "{DE37DD0A-E532-4902-8FC4-B8CFB5B0CFCA}"
EndProject
Project("{8BC9CEB8-8B4A-11D0-8D11-00A0C91BC942}") = "SamplePOSIT", "SamplePOSIT\SamplePOSIT.vcxproj", "{506E6614-3D46-47B1-BC46-5DF0B71E2703}"
EndProject
Project("{8BC9CEB8-8B4A-11D0-8D11-00A0C91BC942}") = "SampleStereoCalibration", "SampleStereoCalibration\SampleStereoCalibration.vcxproj", "{F320E76F-E9EC-4187-B505-491824EAF2C0}"
EndProject
Project("{8BC9CEB8-8B4A-11D0-8D11-00A0C91BC942}") = "SampleMultiCamCalibration", "SampleMultiCamCalibration\SampleMultiCamCalibration.vcxproj", "{5F930520-0073-44F7-A80E-A724094092A8}"
EndProject
Project("{8BC9CEB8-8B4A-11D0-8D11-00A0C91BC942}") = "SampleCameraCalibrationMono", "SampleCameraCalibrationMono\SampleCameraCalibrationMono.vcxproj", "{858029CD-16CA-4CB9-B1DA-728D6A074B6F}"
EndProject
Project("{8BC9CEB8-8B4A-11D0-8D11-00A0C91BC942}") = "SampleCameraCalibrationBino", "SampleCameraCalibrationBino\SampleCameraCalibrationBino.vcxproj", "{FE091E17-E602-473A-96B4-747FBF0982E5}"
EndProject
Project("{8BC9CEB8-8B4A-11D0-8D11-00A0C91BC942}") = "SampleCameraProjection", "SampleCameraProjection\SampleCameraProjection.vcxproj", "{F5FD78C1-84B9-4938-887E-3385A7F942A4}"
EndProject
Project("{8BC9CEB8-8B4A-11D0-8D11-00A0C91BC942}") = "SampleCameraCalibrationMulti", "SampleCameraCalibrationMulti\SampleCameraCalibrationMulti.vcxproj", "{12ED6059-F47E-4EFE-B58E-994F39A3F04F}"
EndProject
Project("{8BC9CEB8-8B4A-11D0-8D11-00A0C91BC942}") = "SampleCameraPoseEstimation", "SampleCameraPoseEstimation\SampleCameraPoseEstimation.vcxproj", "{378533CE-A4A6-4F9E-9A08-70E523AD5340}"
EndProject
Project("{8BC9CEB8-8B4A-11D0-8D11-00A0C91BC942}") = "SampleShapeInterpolation", "SampleShapeInterpolation\SampleShapeInterpolation.vcxproj", "{DA99D92B-D17B-4AF2-B518-64A8E41EACC9}"
EndProject
Project("{8BC9CEB8-8B4A-11D0-8D11-00A0C91BC942}") = "SampleTriangulation", "SampleTriangulation\SampleTriangulation.vcxproj", "{7DB4959B-CCE6-4D83-9A7C-D1CE861B5D1C}"
EndProject
Project("{8BC9CEB8-8B4A-11D0-8D11-00A0C91BC942}") = "SampleTriangleMeshMedialAxis", "SampleTriangleMeshMedialAxis\SampleTriangleMeshMedialAxis.vcxproj", "{5DB970AF-AD57-4FC2-8E86-80612765C045}"
EndProject
Project("{8BC9CEB8-8B4A-11D0-8D11-00A0C91BC942}") = "SampleFaceMorphing", "SampleFaceMorphing\SampleFaceMorphing.vcxproj", "{B833831E-EF8F-4F69-982E-BD3A973A3702}"
EndProject
Project("{8BC9CEB8-8B4A-11D0-8D11-00A0C91BC942}") = "SamplePIVSimulator", "SamplePIVSimulator\SamplePIVSimulator.vcxproj", "{9708EAB4-4135-423A-B2CD-BAF1EDD93E32}"
EndProject
Project("{8BC9CEB8-8B4A-11D0-8D11-00A0C91BC942}") = "SamplePIVSimulator3D", "SamplePIVSimulator3D\SamplePIVSimulator3D.vcxproj", "{B10555AC-F1B7-4B41-9C1C-2990DB4D2828}"
EndProject
Project("{8BC9CEB8-8B4A-11D0-8D11-00A0C91BC942}") = "SampleCPURayCasting", "SampleCPURayCasting\SampleCPURayCasting.vcxproj", "{C93C9595-0099-48D6-AB8D-2A57433AD385}"
EndProject
Project("{8BC9CEB8-8B4A-11D0-8D11-00A0C91BC942}") = "SampleWinSock", "SampleWinSock\SampleWinSock.vcxproj", "{AC00C09A-C869-4823-AE00-A4786CC7633B}"
EndProject
Project("{8BC9CEB8-8B4A-11D0-8D11-00A0C91BC942}") = "SampleImageMattingGUI", "SampleImageMattingGUI\SampleImageMattingGUI.vcxproj", "{081EC151-9711-443E-BAD7-0EBD330812AA}"
EndProject
Project("{8BC9CEB8-8B4A-11D0-8D11-00A0C91BC942}") = "SampleShowMVSResult", "SampleShowMVSResult\SampleShowMVSResult.vcxproj", "{7CE24B6D-F6DE-4444-88FA-FB77A4DE30BC}"
EndProject
Global
	GlobalSection(SolutionConfigurationPlatforms) = preSolution
		Debug|Win32 = Debug|Win32
		Debug|x64 = Debug|x64
		Release|Win32 = Release|Win32
		Release|x64 = Release|x64
	EndGlobalSection
	GlobalSection(ProjectConfigurationPlatforms) = postSolution
		{D868FFAD-41A9-4E1C-B2BC-137324CFF4DE}.Debug|Win32.ActiveCfg = Debug|Win32
		{D868FFAD-41A9-4E1C-B2BC-137324CFF4DE}.Debug|Win32.Build.0 = Debug|Win32
		{D868FFAD-41A9-4E1C-B2BC-137324CFF4DE}.Debug|x64.ActiveCfg = Debug|Win32
		{D868FFAD-41A9-4E1C-B2BC-137324CFF4DE}.Release|Win32.ActiveCfg = Release|Win32
		{D868FFAD-41A9-4E1C-B2BC-137324CFF4DE}.Release|Win32.Build.0 = Release|Win32
		{D868FFAD-41A9-4E1C-B2BC-137324CFF4DE}.Release|x64.ActiveCfg = Release|Win32
		{F066E090-04B4-4611-9344-A89221288143}.Debug|Win32.ActiveCfg = Debug|Win32
		{F066E090-04B4-4611-9344-A89221288143}.Debug|Win32.Build.0 = Debug|Win32
		{F066E090-04B4-4611-9344-A89221288143}.Debug|x64.ActiveCfg = Debug|x64
		{F066E090-04B4-4611-9344-A89221288143}.Debug|x64.Build.0 = Debug|x64
		{F066E090-04B4-4611-9344-A89221288143}.Release|Win32.ActiveCfg = Release|Win32
		{F066E090-04B4-4611-9344-A89221288143}.Release|Win32.Build.0 = Release|Win32
		{F066E090-04B4-4611-9344-A89221288143}.Release|x64.ActiveCfg = Release|x64
		{F066E090-04B4-4611-9344-A89221288143}.Release|x64.Build.0 = Release|x64
		{1680A17E-D4D2-4C92-B5CA-CDCB2F1835A3}.Debug|Win32.ActiveCfg = Debug|Win32
		{1680A17E-D4D2-4C92-B5CA-CDCB2F1835A3}.Debug|Win32.Build.0 = Debug|Win32
		{1680A17E-D4D2-4C92-B5CA-CDCB2F1835A3}.Debug|x64.ActiveCfg = Debug|x64
		{1680A17E-D4D2-4C92-B5CA-CDCB2F1835A3}.Debug|x64.Build.0 = Debug|x64
		{1680A17E-D4D2-4C92-B5CA-CDCB2F1835A3}.Release|Win32.ActiveCfg = Release|Win32
		{1680A17E-D4D2-4C92-B5CA-CDCB2F1835A3}.Release|Win32.Build.0 = Release|Win32
		{1680A17E-D4D2-4C92-B5CA-CDCB2F1835A3}.Release|x64.ActiveCfg = Release|x64
		{1680A17E-D4D2-4C92-B5CA-CDCB2F1835A3}.Release|x64.Build.0 = Release|x64
		{BB13D768-37A9-4062-B17C-CEFD6C55E561}.Debug|Win32.ActiveCfg = Debug|Win32
		{BB13D768-37A9-4062-B17C-CEFD6C55E561}.Debug|Win32.Build.0 = Debug|Win32
		{BB13D768-37A9-4062-B17C-CEFD6C55E561}.Debug|x64.ActiveCfg = Debug|x64
		{BB13D768-37A9-4062-B17C-CEFD6C55E561}.Debug|x64.Build.0 = Debug|x64
		{BB13D768-37A9-4062-B17C-CEFD6C55E561}.Release|Win32.ActiveCfg = Release|Win32
		{BB13D768-37A9-4062-B17C-CEFD6C55E561}.Release|Win32.Build.0 = Release|Win32
		{BB13D768-37A9-4062-B17C-CEFD6C55E561}.Release|x64.ActiveCfg = Release|x64
		{BB13D768-37A9-4062-B17C-CEFD6C55E561}.Release|x64.Build.0 = Release|x64
		{86EF27DE-82F2-42B0-A132-49143345A9CF}.Debug|Win32.ActiveCfg = Debug|Win32
		{86EF27DE-82F2-42B0-A132-49143345A9CF}.Debug|Win32.Build.0 = Debug|Win32
		{86EF27DE-82F2-42B0-A132-49143345A9CF}.Debug|x64.ActiveCfg = Debug|x64
		{86EF27DE-82F2-42B0-A132-49143345A9CF}.Debug|x64.Build.0 = Debug|x64
		{86EF27DE-82F2-42B0-A132-49143345A9CF}.Release|Win32.ActiveCfg = Release|Win32
		{86EF27DE-82F2-42B0-A132-49143345A9CF}.Release|Win32.Build.0 = Release|Win32
		{86EF27DE-82F2-42B0-A132-49143345A9CF}.Release|x64.ActiveCfg = Release|x64
		{86EF27DE-82F2-42B0-A132-49143345A9CF}.Release|x64.Build.0 = Release|x64
		{3359CCBE-F3A3-4ACA-8DCF-ED285AC7B2BB}.Debug|Win32.ActiveCfg = Debug|Win32
		{3359CCBE-F3A3-4ACA-8DCF-ED285AC7B2BB}.Debug|Win32.Build.0 = Debug|Win32
		{3359CCBE-F3A3-4ACA-8DCF-ED285AC7B2BB}.Debug|x64.ActiveCfg = Debug|x64
		{3359CCBE-F3A3-4ACA-8DCF-ED285AC7B2BB}.Debug|x64.Build.0 = Debug|x64
		{3359CCBE-F3A3-4ACA-8DCF-ED285AC7B2BB}.Release|Win32.ActiveCfg = Release|Win32
		{3359CCBE-F3A3-4ACA-8DCF-ED285AC7B2BB}.Release|Win32.Build.0 = Release|Win32
		{3359CCBE-F3A3-4ACA-8DCF-ED285AC7B2BB}.Release|x64.ActiveCfg = Release|x64
		{3359CCBE-F3A3-4ACA-8DCF-ED285AC7B2BB}.Release|x64.Build.0 = Release|x64
		{4BD7EE85-971A-4CDD-959A-4E7EDD86413D}.Debug|Win32.ActiveCfg = Debug|Win32
		{4BD7EE85-971A-4CDD-959A-4E7EDD86413D}.Debug|Win32.Build.0 = Debug|Win32
		{4BD7EE85-971A-4CDD-959A-4E7EDD86413D}.Debug|x64.ActiveCfg = Debug|x64
		{4BD7EE85-971A-4CDD-959A-4E7EDD86413D}.Debug|x64.Build.0 = Debug|x64
		{4BD7EE85-971A-4CDD-959A-4E7EDD86413D}.Release|Win32.ActiveCfg = Release|Win32
		{4BD7EE85-971A-4CDD-959A-4E7EDD86413D}.Release|Win32.Build.0 = Release|Win32
		{4BD7EE85-971A-4CDD-959A-4E7EDD86413D}.Release|x64.ActiveCfg = Release|x64
		{4BD7EE85-971A-4CDD-959A-4E7EDD86413D}.Release|x64.Build.0 = Release|x64
		{B10AAC20-A1B7-4896-8A9F-0231F697E8C5}.Debug|Win32.ActiveCfg = Debug|Win32
		{B10AAC20-A1B7-4896-8A9F-0231F697E8C5}.Debug|Win32.Build.0 = Debug|Win32
		{B10AAC20-A1B7-4896-8A9F-0231F697E8C5}.Debug|x64.ActiveCfg = Debug|x64
		{B10AAC20-A1B7-4896-8A9F-0231F697E8C5}.Debug|x64.Build.0 = Debug|x64
		{B10AAC20-A1B7-4896-8A9F-0231F697E8C5}.Release|Win32.ActiveCfg = Release|Win32
		{B10AAC20-A1B7-4896-8A9F-0231F697E8C5}.Release|Win32.Build.0 = Release|Win32
		{B10AAC20-A1B7-4896-8A9F-0231F697E8C5}.Release|x64.ActiveCfg = Release|x64
		{B10AAC20-A1B7-4896-8A9F-0231F697E8C5}.Release|x64.Build.0 = Release|x64
		{51B79C0B-3B72-4039-9C66-4B909EE0ABBA}.Debug|Win32.ActiveCfg = Debug|x64
		{51B79C0B-3B72-4039-9C66-4B909EE0ABBA}.Debug|Win32.Build.0 = Debug|x64
		{51B79C0B-3B72-4039-9C66-4B909EE0ABBA}.Debug|x64.ActiveCfg = Debug|x64
		{51B79C0B-3B72-4039-9C66-4B909EE0ABBA}.Debug|x64.Build.0 = Debug|x64
		{51B79C0B-3B72-4039-9C66-4B909EE0ABBA}.Release|Win32.ActiveCfg = Release|x64
		{51B79C0B-3B72-4039-9C66-4B909EE0ABBA}.Release|Win32.Build.0 = Release|x64
		{51B79C0B-3B72-4039-9C66-4B909EE0ABBA}.Release|x64.ActiveCfg = Release|x64
		{51B79C0B-3B72-4039-9C66-4B909EE0ABBA}.Release|x64.Build.0 = Release|x64
		{11152137-59EA-4377-8BC6-2D60411FB54D}.Debug|Win32.ActiveCfg = Debug|Win32
		{11152137-59EA-4377-8BC6-2D60411FB54D}.Debug|Win32.Build.0 = Debug|Win32
		{11152137-59EA-4377-8BC6-2D60411FB54D}.Debug|x64.ActiveCfg = Debug|x64
		{11152137-59EA-4377-8BC6-2D60411FB54D}.Debug|x64.Build.0 = Debug|x64
		{11152137-59EA-4377-8BC6-2D60411FB54D}.Release|Win32.ActiveCfg = Release|Win32
		{11152137-59EA-4377-8BC6-2D60411FB54D}.Release|Win32.Build.0 = Release|Win32
		{11152137-59EA-4377-8BC6-2D60411FB54D}.Release|x64.ActiveCfg = Release|x64
		{11152137-59EA-4377-8BC6-2D60411FB54D}.Release|x64.Build.0 = Release|x64
		{A03D7190-67C5-44BE-B31C-C0AB7EB815CC}.Debug|Win32.ActiveCfg = Debug|x64
		{A03D7190-67C5-44BE-B31C-C0AB7EB815CC}.Debug|Win32.Build.0 = Debug|x64
		{A03D7190-67C5-44BE-B31C-C0AB7EB815CC}.Debug|x64.ActiveCfg = Debug|x64
		{A03D7190-67C5-44BE-B31C-C0AB7EB815CC}.Debug|x64.Build.0 = Debug|x64
		{A03D7190-67C5-44BE-B31C-C0AB7EB815CC}.Release|Win32.ActiveCfg = Release|x64
		{A03D7190-67C5-44BE-B31C-C0AB7EB815CC}.Release|Win32.Build.0 = Release|x64
		{A03D7190-67C5-44BE-B31C-C0AB7EB815CC}.Release|x64.ActiveCfg = Release|x64
		{A03D7190-67C5-44BE-B31C-C0AB7EB815CC}.Release|x64.Build.0 = Release|x64
		{02E26FF5-F6A7-4AE3-AD7E-570A7DE1044B}.Debug|Win32.ActiveCfg = Debug|Win32
		{02E26FF5-F6A7-4AE3-AD7E-570A7DE1044B}.Debug|Win32.Build.0 = Debug|Win32
		{02E26FF5-F6A7-4AE3-AD7E-570A7DE1044B}.Debug|x64.ActiveCfg = Debug|x64
		{02E26FF5-F6A7-4AE3-AD7E-570A7DE1044B}.Debug|x64.Build.0 = Debug|x64
		{02E26FF5-F6A7-4AE3-AD7E-570A7DE1044B}.Release|Win32.ActiveCfg = Release|Win32
		{02E26FF5-F6A7-4AE3-AD7E-570A7DE1044B}.Release|Win32.Build.0 = Release|Win32
		{02E26FF5-F6A7-4AE3-AD7E-570A7DE1044B}.Release|x64.ActiveCfg = Release|x64
		{02E26FF5-F6A7-4AE3-AD7E-570A7DE1044B}.Release|x64.Build.0 = Release|x64
		{29D45513-369B-4B72-B091-33E86F0BF5A1}.Debug|Win32.ActiveCfg = Debug|Win32
		{29D45513-369B-4B72-B091-33E86F0BF5A1}.Debug|Win32.Build.0 = Debug|Win32
		{29D45513-369B-4B72-B091-33E86F0BF5A1}.Debug|x64.ActiveCfg = Debug|x64
		{29D45513-369B-4B72-B091-33E86F0BF5A1}.Debug|x64.Build.0 = Debug|x64
		{29D45513-369B-4B72-B091-33E86F0BF5A1}.Release|Win32.ActiveCfg = Release|Win32
		{29D45513-369B-4B72-B091-33E86F0BF5A1}.Release|Win32.Build.0 = Release|Win32
		{29D45513-369B-4B72-B091-33E86F0BF5A1}.Release|x64.ActiveCfg = Release|x64
		{29D45513-369B-4B72-B091-33E86F0BF5A1}.Release|x64.Build.0 = Release|x64
		{EF7ADE16-7B71-4ED6-856C-407868A4BC4B}.Debug|Win32.ActiveCfg = Debug|Win32
		{EF7ADE16-7B71-4ED6-856C-407868A4BC4B}.Debug|Win32.Build.0 = Debug|Win32
		{EF7ADE16-7B71-4ED6-856C-407868A4BC4B}.Debug|x64.ActiveCfg = Debug|x64
		{EF7ADE16-7B71-4ED6-856C-407868A4BC4B}.Debug|x64.Build.0 = Debug|x64
		{EF7ADE16-7B71-4ED6-856C-407868A4BC4B}.Release|Win32.ActiveCfg = Release|Win32
		{EF7ADE16-7B71-4ED6-856C-407868A4BC4B}.Release|Win32.Build.0 = Release|Win32
		{EF7ADE16-7B71-4ED6-856C-407868A4BC4B}.Release|x64.ActiveCfg = Release|x64
		{EF7ADE16-7B71-4ED6-856C-407868A4BC4B}.Release|x64.Build.0 = Release|x64
		{803E041F-C0E0-4D82-BAC1-C587D3A71377}.Debug|Win32.ActiveCfg = Debug|x64
		{803E041F-C0E0-4D82-BAC1-C587D3A71377}.Debug|Win32.Build.0 = Debug|x64
		{803E041F-C0E0-4D82-BAC1-C587D3A71377}.Debug|x64.ActiveCfg = Debug|x64
		{803E041F-C0E0-4D82-BAC1-C587D3A71377}.Debug|x64.Build.0 = Debug|x64
		{803E041F-C0E0-4D82-BAC1-C587D3A71377}.Release|Win32.ActiveCfg = Release|Win32
		{803E041F-C0E0-4D82-BAC1-C587D3A71377}.Release|Win32.Build.0 = Release|Win32
		{803E041F-C0E0-4D82-BAC1-C587D3A71377}.Release|x64.ActiveCfg = Release|x64
		{803E041F-C0E0-4D82-BAC1-C587D3A71377}.Release|x64.Build.0 = Release|x64
		{FE620EA2-8319-4B95-AACE-EFE5547379D7}.Debug|Win32.ActiveCfg = Debug|x64
		{FE620EA2-8319-4B95-AACE-EFE5547379D7}.Debug|Win32.Build.0 = Debug|x64
		{FE620EA2-8319-4B95-AACE-EFE5547379D7}.Debug|x64.ActiveCfg = Debug|x64
		{FE620EA2-8319-4B95-AACE-EFE5547379D7}.Debug|x64.Build.0 = Debug|x64
		{FE620EA2-8319-4B95-AACE-EFE5547379D7}.Release|Win32.ActiveCfg = Release|x64
		{FE620EA2-8319-4B95-AACE-EFE5547379D7}.Release|Win32.Build.0 = Release|x64
		{FE620EA2-8319-4B95-AACE-EFE5547379D7}.Release|x64.ActiveCfg = Release|x64
		{FE620EA2-8319-4B95-AACE-EFE5547379D7}.Release|x64.Build.0 = Release|x64
		{8B0C4F36-7AA7-4930-8ECD-BF129C9DCBCF}.Debug|Win32.ActiveCfg = Debug|Win32
		{8B0C4F36-7AA7-4930-8ECD-BF129C9DCBCF}.Debug|Win32.Build.0 = Debug|Win32
		{8B0C4F36-7AA7-4930-8ECD-BF129C9DCBCF}.Debug|x64.ActiveCfg = Debug|x64
		{8B0C4F36-7AA7-4930-8ECD-BF129C9DCBCF}.Debug|x64.Build.0 = Debug|x64
		{8B0C4F36-7AA7-4930-8ECD-BF129C9DCBCF}.Release|Win32.ActiveCfg = Release|Win32
		{8B0C4F36-7AA7-4930-8ECD-BF129C9DCBCF}.Release|Win32.Build.0 = Release|Win32
		{8B0C4F36-7AA7-4930-8ECD-BF129C9DCBCF}.Release|x64.ActiveCfg = Release|x64
		{8B0C4F36-7AA7-4930-8ECD-BF129C9DCBCF}.Release|x64.Build.0 = Release|x64
		{804EE43D-5FC4-48F5-8001-5FBF52E7FE20}.Debug|Win32.ActiveCfg = Debug|x64
		{804EE43D-5FC4-48F5-8001-5FBF52E7FE20}.Debug|Win32.Build.0 = Debug|x64
		{804EE43D-5FC4-48F5-8001-5FBF52E7FE20}.Debug|x64.ActiveCfg = Debug|x64
		{804EE43D-5FC4-48F5-8001-5FBF52E7FE20}.Debug|x64.Build.0 = Debug|x64
		{804EE43D-5FC4-48F5-8001-5FBF52E7FE20}.Release|Win32.ActiveCfg = Release|x64
		{804EE43D-5FC4-48F5-8001-5FBF52E7FE20}.Release|Win32.Build.0 = Release|x64
		{804EE43D-5FC4-48F5-8001-5FBF52E7FE20}.Release|Win32.Deploy.0 = Release|x64
		{804EE43D-5FC4-48F5-8001-5FBF52E7FE20}.Release|x64.ActiveCfg = Release|x64
		{804EE43D-5FC4-48F5-8001-5FBF52E7FE20}.Release|x64.Build.0 = Release|x64
		{AE2D1B22-5843-4900-ACE7-ACC0DCA15D05}.Debug|Win32.ActiveCfg = Debug|x64
		{AE2D1B22-5843-4900-ACE7-ACC0DCA15D05}.Debug|Win32.Build.0 = Debug|x64
		{AE2D1B22-5843-4900-ACE7-ACC0DCA15D05}.Debug|x64.ActiveCfg = Debug|x64
		{AE2D1B22-5843-4900-ACE7-ACC0DCA15D05}.Debug|x64.Build.0 = Debug|x64
		{AE2D1B22-5843-4900-ACE7-ACC0DCA15D05}.Release|Win32.ActiveCfg = Release|x64
		{AE2D1B22-5843-4900-ACE7-ACC0DCA15D05}.Release|Win32.Build.0 = Release|x64
		{AE2D1B22-5843-4900-ACE7-ACC0DCA15D05}.Release|x64.ActiveCfg = Release|x64
		{AE2D1B22-5843-4900-ACE7-ACC0DCA15D05}.Release|x64.Build.0 = Release|x64
		{25C990D5-F66C-4490-82E9-25812766521C}.Debug|Win32.ActiveCfg = Debug|x64
		{25C990D5-F66C-4490-82E9-25812766521C}.Debug|Win32.Build.0 = Debug|x64
		{25C990D5-F66C-4490-82E9-25812766521C}.Debug|x64.ActiveCfg = Debug|x64
		{25C990D5-F66C-4490-82E9-25812766521C}.Debug|x64.Build.0 = Debug|x64
		{25C990D5-F66C-4490-82E9-25812766521C}.Release|Win32.ActiveCfg = Release|x64
		{25C990D5-F66C-4490-82E9-25812766521C}.Release|Win32.Build.0 = Release|x64
		{25C990D5-F66C-4490-82E9-25812766521C}.Release|x64.ActiveCfg = Release|x64
		{25C990D5-F66C-4490-82E9-25812766521C}.Release|x64.Build.0 = Release|x64
		{8552AD79-8BCE-4766-8B47-075669C06C97}.Debug|Win32.ActiveCfg = Debug|x64
		{8552AD79-8BCE-4766-8B47-075669C06C97}.Debug|Win32.Build.0 = Debug|x64
		{8552AD79-8BCE-4766-8B47-075669C06C97}.Debug|x64.ActiveCfg = Debug|x64
		{8552AD79-8BCE-4766-8B47-075669C06C97}.Debug|x64.Build.0 = Debug|x64
		{8552AD79-8BCE-4766-8B47-075669C06C97}.Release|Win32.ActiveCfg = Release|x64
		{8552AD79-8BCE-4766-8B47-075669C06C97}.Release|Win32.Build.0 = Release|x64
		{8552AD79-8BCE-4766-8B47-075669C06C97}.Release|x64.ActiveCfg = Release|x64
		{8552AD79-8BCE-4766-8B47-075669C06C97}.Release|x64.Build.0 = Release|x64
		{932B6D81-1248-4AD6-843D-BD211A1FC03B}.Debug|Win32.ActiveCfg = Debug|Win32
		{932B6D81-1248-4AD6-843D-BD211A1FC03B}.Debug|Win32.Build.0 = Debug|Win32
		{932B6D81-1248-4AD6-843D-BD211A1FC03B}.Debug|x64.ActiveCfg = Debug|x64
		{932B6D81-1248-4AD6-843D-BD211A1FC03B}.Debug|x64.Build.0 = Debug|x64
		{932B6D81-1248-4AD6-843D-BD211A1FC03B}.Release|Win32.ActiveCfg = Release|Win32
		{932B6D81-1248-4AD6-843D-BD211A1FC03B}.Release|Win32.Build.0 = Release|Win32
		{932B6D81-1248-4AD6-843D-BD211A1FC03B}.Release|x64.ActiveCfg = Release|x64
		{932B6D81-1248-4AD6-843D-BD211A1FC03B}.Release|x64.Build.0 = Release|x64
		{5D5F2AD8-D8ED-4A0D-9C8E-253202440210}.Debug|Win32.ActiveCfg = Debug|x64
		{5D5F2AD8-D8ED-4A0D-9C8E-253202440210}.Debug|Win32.Build.0 = Debug|x64
		{5D5F2AD8-D8ED-4A0D-9C8E-253202440210}.Debug|x64.ActiveCfg = Debug|x64
		{5D5F2AD8-D8ED-4A0D-9C8E-253202440210}.Debug|x64.Build.0 = Debug|x64
		{5D5F2AD8-D8ED-4A0D-9C8E-253202440210}.Release|Win32.ActiveCfg = Release|x64
		{5D5F2AD8-D8ED-4A0D-9C8E-253202440210}.Release|Win32.Build.0 = Release|x64
		{5D5F2AD8-D8ED-4A0D-9C8E-253202440210}.Release|x64.ActiveCfg = Release|x64
		{5D5F2AD8-D8ED-4A0D-9C8E-253202440210}.Release|x64.Build.0 = Release|x64
		{23187E52-7C8A-4CEF-931E-60F0EB3B5150}.Debug|Win32.ActiveCfg = Debug|x64
		{23187E52-7C8A-4CEF-931E-60F0EB3B5150}.Debug|Win32.Build.0 = Debug|x64
		{23187E52-7C8A-4CEF-931E-60F0EB3B5150}.Debug|x64.ActiveCfg = Debug|x64
		{23187E52-7C8A-4CEF-931E-60F0EB3B5150}.Debug|x64.Build.0 = Debug|x64
		{23187E52-7C8A-4CEF-931E-60F0EB3B5150}.Release|Win32.ActiveCfg = Release|x64
		{23187E52-7C8A-4CEF-931E-60F0EB3B5150}.Release|Win32.Build.0 = Release|x64
		{23187E52-7C8A-4CEF-931E-60F0EB3B5150}.Release|x64.ActiveCfg = Release|x64
		{23187E52-7C8A-4CEF-931E-60F0EB3B5150}.Release|x64.Build.0 = Release|x64
		{ADEE67CA-2918-4D6F-B713-BF3F284EB080}.Debug|Win32.ActiveCfg = Debug|x64
		{ADEE67CA-2918-4D6F-B713-BF3F284EB080}.Debug|Win32.Build.0 = Debug|x64
		{ADEE67CA-2918-4D6F-B713-BF3F284EB080}.Debug|x64.ActiveCfg = Debug|x64
		{ADEE67CA-2918-4D6F-B713-BF3F284EB080}.Debug|x64.Build.0 = Debug|x64
		{ADEE67CA-2918-4D6F-B713-BF3F284EB080}.Release|Win32.ActiveCfg = Release|x64
		{ADEE67CA-2918-4D6F-B713-BF3F284EB080}.Release|Win32.Build.0 = Release|x64
		{ADEE67CA-2918-4D6F-B713-BF3F284EB080}.Release|x64.ActiveCfg = Release|x64
		{ADEE67CA-2918-4D6F-B713-BF3F284EB080}.Release|x64.Build.0 = Release|x64
		{520B9064-1ED4-494B-8B93-A49736CEE7D8}.Debug|Win32.ActiveCfg = Debug|x64
		{520B9064-1ED4-494B-8B93-A49736CEE7D8}.Debug|Win32.Build.0 = Debug|x64
		{520B9064-1ED4-494B-8B93-A49736CEE7D8}.Debug|x64.ActiveCfg = Debug|x64
		{520B9064-1ED4-494B-8B93-A49736CEE7D8}.Debug|x64.Build.0 = Debug|x64
		{520B9064-1ED4-494B-8B93-A49736CEE7D8}.Release|Win32.ActiveCfg = Release|x64
		{520B9064-1ED4-494B-8B93-A49736CEE7D8}.Release|Win32.Build.0 = Release|x64
		{520B9064-1ED4-494B-8B93-A49736CEE7D8}.Release|x64.ActiveCfg = Release|x64
		{520B9064-1ED4-494B-8B93-A49736CEE7D8}.Release|x64.Build.0 = Release|x64
		{1F14C744-A98A-409E-8464-60C90DE7C280}.Debug|Win32.ActiveCfg = Debug|x64
		{1F14C744-A98A-409E-8464-60C90DE7C280}.Debug|Win32.Build.0 = Debug|x64
		{1F14C744-A98A-409E-8464-60C90DE7C280}.Debug|x64.ActiveCfg = Debug|x64
		{1F14C744-A98A-409E-8464-60C90DE7C280}.Debug|x64.Build.0 = Debug|x64
		{1F14C744-A98A-409E-8464-60C90DE7C280}.Release|Win32.ActiveCfg = Release|x64
		{1F14C744-A98A-409E-8464-60C90DE7C280}.Release|Win32.Build.0 = Release|x64
		{1F14C744-A98A-409E-8464-60C90DE7C280}.Release|x64.ActiveCfg = Release|x64
		{1F14C744-A98A-409E-8464-60C90DE7C280}.Release|x64.Build.0 = Release|x64
		{F65AFB6F-6043-4C47-9086-2677ACDC2475}.Debug|Win32.ActiveCfg = Debug|x64
		{F65AFB6F-6043-4C47-9086-2677ACDC2475}.Debug|Win32.Build.0 = Debug|x64
		{F65AFB6F-6043-4C47-9086-2677ACDC2475}.Debug|x64.ActiveCfg = Debug|x64
		{F65AFB6F-6043-4C47-9086-2677ACDC2475}.Debug|x64.Build.0 = Debug|x64
		{F65AFB6F-6043-4C47-9086-2677ACDC2475}.Release|Win32.ActiveCfg = Release|x64
		{F65AFB6F-6043-4C47-9086-2677ACDC2475}.Release|Win32.Build.0 = Release|x64
		{F65AFB6F-6043-4C47-9086-2677ACDC2475}.Release|x64.ActiveCfg = Release|x64
		{F65AFB6F-6043-4C47-9086-2677ACDC2475}.Release|x64.Build.0 = Release|x64
		{052A9A2D-5667-4FA7-9DE3-BF1A21A15D86}.Debug|Win32.ActiveCfg = Debug|x64
		{052A9A2D-5667-4FA7-9DE3-BF1A21A15D86}.Debug|Win32.Build.0 = Debug|x64
		{052A9A2D-5667-4FA7-9DE3-BF1A21A15D86}.Debug|x64.ActiveCfg = Debug|x64
		{052A9A2D-5667-4FA7-9DE3-BF1A21A15D86}.Debug|x64.Build.0 = Debug|x64
		{052A9A2D-5667-4FA7-9DE3-BF1A21A15D86}.Release|Win32.ActiveCfg = Release|x64
		{052A9A2D-5667-4FA7-9DE3-BF1A21A15D86}.Release|Win32.Build.0 = Release|x64
		{052A9A2D-5667-4FA7-9DE3-BF1A21A15D86}.Release|x64.ActiveCfg = Release|x64
		{052A9A2D-5667-4FA7-9DE3-BF1A21A15D86}.Release|x64.Build.0 = Release|x64
		{24441C2B-227B-42A1-B3C1-A9B0D2B8CAB5}.Debug|Win32.ActiveCfg = Debug|Win32
		{24441C2B-227B-42A1-B3C1-A9B0D2B8CAB5}.Debug|Win32.Build.0 = Debug|Win32
		{24441C2B-227B-42A1-B3C1-A9B0D2B8CAB5}.Debug|x64.ActiveCfg = Debug|x64
		{24441C2B-227B-42A1-B3C1-A9B0D2B8CAB5}.Debug|x64.Build.0 = Debug|x64
		{24441C2B-227B-42A1-B3C1-A9B0D2B8CAB5}.Release|Win32.ActiveCfg = Release|Win32
		{24441C2B-227B-42A1-B3C1-A9B0D2B8CAB5}.Release|Win32.Build.0 = Release|Win32
		{24441C2B-227B-42A1-B3C1-A9B0D2B8CAB5}.Release|x64.ActiveCfg = Release|x64
		{24441C2B-227B-42A1-B3C1-A9B0D2B8CAB5}.Release|x64.Build.0 = Release|x64
		{8EBAB412-73E9-41CF-991A-8FDE1C477F38}.Debug|Win32.ActiveCfg = Debug|x64
		{8EBAB412-73E9-41CF-991A-8FDE1C477F38}.Debug|Win32.Build.0 = Debug|x64
		{8EBAB412-73E9-41CF-991A-8FDE1C477F38}.Debug|x64.ActiveCfg = Debug|x64
		{8EBAB412-73E9-41CF-991A-8FDE1C477F38}.Debug|x64.Build.0 = Debug|x64
		{8EBAB412-73E9-41CF-991A-8FDE1C477F38}.Release|Win32.ActiveCfg = Release|x64
		{8EBAB412-73E9-41CF-991A-8FDE1C477F38}.Release|Win32.Build.0 = Release|x64
		{8EBAB412-73E9-41CF-991A-8FDE1C477F38}.Release|x64.ActiveCfg = Release|x64
		{8EBAB412-73E9-41CF-991A-8FDE1C477F38}.Release|x64.Build.0 = Release|x64
		{755A92E4-A9EF-44FE-9434-F966AF1AF07B}.Debug|Win32.ActiveCfg = Debug|Win32
		{755A92E4-A9EF-44FE-9434-F966AF1AF07B}.Debug|Win32.Build.0 = Debug|Win32
		{755A92E4-A9EF-44FE-9434-F966AF1AF07B}.Debug|x64.ActiveCfg = Debug|x64
		{755A92E4-A9EF-44FE-9434-F966AF1AF07B}.Debug|x64.Build.0 = Debug|x64
		{755A92E4-A9EF-44FE-9434-F966AF1AF07B}.Release|Win32.ActiveCfg = Release|Win32
		{755A92E4-A9EF-44FE-9434-F966AF1AF07B}.Release|Win32.Build.0 = Release|Win32
		{755A92E4-A9EF-44FE-9434-F966AF1AF07B}.Release|x64.ActiveCfg = Release|x64
		{755A92E4-A9EF-44FE-9434-F966AF1AF07B}.Release|x64.Build.0 = Release|x64
		{8C42799A-8243-42F5-9839-52F32891B8A5}.Debug|Win32.ActiveCfg = Debug|x64
		{8C42799A-8243-42F5-9839-52F32891B8A5}.Debug|Win32.Build.0 = Debug|x64
		{8C42799A-8243-42F5-9839-52F32891B8A5}.Debug|x64.ActiveCfg = Debug|x64
		{8C42799A-8243-42F5-9839-52F32891B8A5}.Debug|x64.Build.0 = Debug|x64
		{8C42799A-8243-42F5-9839-52F32891B8A5}.Release|Win32.ActiveCfg = Release|x64
		{8C42799A-8243-42F5-9839-52F32891B8A5}.Release|Win32.Build.0 = Release|x64
		{8C42799A-8243-42F5-9839-52F32891B8A5}.Release|x64.ActiveCfg = Release|x64
		{8C42799A-8243-42F5-9839-52F32891B8A5}.Release|x64.Build.0 = Release|x64
		{16EFE768-0F08-4ED6-B5BB-45C182E21DE5}.Debug|Win32.ActiveCfg = Debug|x64
		{16EFE768-0F08-4ED6-B5BB-45C182E21DE5}.Debug|Win32.Build.0 = Debug|x64
		{16EFE768-0F08-4ED6-B5BB-45C182E21DE5}.Debug|x64.ActiveCfg = Debug|x64
		{16EFE768-0F08-4ED6-B5BB-45C182E21DE5}.Debug|x64.Build.0 = Debug|x64
		{16EFE768-0F08-4ED6-B5BB-45C182E21DE5}.Release|Win32.ActiveCfg = Release|x64
		{16EFE768-0F08-4ED6-B5BB-45C182E21DE5}.Release|Win32.Build.0 = Release|x64
		{16EFE768-0F08-4ED6-B5BB-45C182E21DE5}.Release|x64.ActiveCfg = Release|x64
		{16EFE768-0F08-4ED6-B5BB-45C182E21DE5}.Release|x64.Build.0 = Release|x64
		{D3253074-5F3E-4761-8DF3-BE893F600824}.Debug|Win32.ActiveCfg = Debug|Win32
		{D3253074-5F3E-4761-8DF3-BE893F600824}.Debug|Win32.Build.0 = Debug|Win32
		{D3253074-5F3E-4761-8DF3-BE893F600824}.Debug|x64.ActiveCfg = Debug|x64
		{D3253074-5F3E-4761-8DF3-BE893F600824}.Debug|x64.Build.0 = Debug|x64
		{D3253074-5F3E-4761-8DF3-BE893F600824}.Release|Win32.ActiveCfg = Release|Win32
		{D3253074-5F3E-4761-8DF3-BE893F600824}.Release|Win32.Build.0 = Release|Win32
		{D3253074-5F3E-4761-8DF3-BE893F600824}.Release|x64.ActiveCfg = Release|x64
		{D3253074-5F3E-4761-8DF3-BE893F600824}.Release|x64.Build.0 = Release|x64
		{EE3916A5-6E3A-4D34-BC14-F0D76BE40D69}.Debug|Win32.ActiveCfg = Debug|x64
		{EE3916A5-6E3A-4D34-BC14-F0D76BE40D69}.Debug|x64.ActiveCfg = Debug|x64
		{EE3916A5-6E3A-4D34-BC14-F0D76BE40D69}.Debug|x64.Build.0 = Debug|x64
		{EE3916A5-6E3A-4D34-BC14-F0D76BE40D69}.Release|Win32.ActiveCfg = Release|x64
		{EE3916A5-6E3A-4D34-BC14-F0D76BE40D69}.Release|x64.ActiveCfg = Release|x64
		{EE3916A5-6E3A-4D34-BC14-F0D76BE40D69}.Release|x64.Build.0 = Release|x64
		{B9E86D43-2FF8-427C-B50C-F3F98DE3B433}.Debug|Win32.ActiveCfg = Debug|x64
		{B9E86D43-2FF8-427C-B50C-F3F98DE3B433}.Debug|Win32.Build.0 = Debug|x64
		{B9E86D43-2FF8-427C-B50C-F3F98DE3B433}.Debug|x64.ActiveCfg = Debug|x64
		{B9E86D43-2FF8-427C-B50C-F3F98DE3B433}.Debug|x64.Build.0 = Debug|x64
		{B9E86D43-2FF8-427C-B50C-F3F98DE3B433}.Release|Win32.ActiveCfg = Release|x64
		{B9E86D43-2FF8-427C-B50C-F3F98DE3B433}.Release|Win32.Build.0 = Release|x64
		{B9E86D43-2FF8-427C-B50C-F3F98DE3B433}.Release|x64.ActiveCfg = Release|x64
		{B9E86D43-2FF8-427C-B50C-F3F98DE3B433}.Release|x64.Build.0 = Release|x64
		{5CE72195-A18E-4151-B9BC-4EBA04D73C1C}.Debug|Win32.ActiveCfg = Debug|Win32
		{5CE72195-A18E-4151-B9BC-4EBA04D73C1C}.Debug|Win32.Build.0 = Debug|Win32
		{5CE72195-A18E-4151-B9BC-4EBA04D73C1C}.Debug|x64.ActiveCfg = Debug|x64
		{5CE72195-A18E-4151-B9BC-4EBA04D73C1C}.Debug|x64.Build.0 = Debug|x64
		{5CE72195-A18E-4151-B9BC-4EBA04D73C1C}.Release|Win32.ActiveCfg = Release|Win32
		{5CE72195-A18E-4151-B9BC-4EBA04D73C1C}.Release|Win32.Build.0 = Release|Win32
		{5CE72195-A18E-4151-B9BC-4EBA04D73C1C}.Release|x64.ActiveCfg = Release|x64
		{5CE72195-A18E-4151-B9BC-4EBA04D73C1C}.Release|x64.Build.0 = Release|x64
		{B6D6D129-B054-42FB-8FE9-6634930B5B49}.Debug|Win32.ActiveCfg = Debug|Win32
		{B6D6D129-B054-42FB-8FE9-6634930B5B49}.Debug|Win32.Build.0 = Debug|Win32
		{B6D6D129-B054-42FB-8FE9-6634930B5B49}.Debug|x64.ActiveCfg = Debug|x64
		{B6D6D129-B054-42FB-8FE9-6634930B5B49}.Debug|x64.Build.0 = Debug|x64
		{B6D6D129-B054-42FB-8FE9-6634930B5B49}.Release|Win32.ActiveCfg = Release|Win32
		{B6D6D129-B054-42FB-8FE9-6634930B5B49}.Release|Win32.Build.0 = Release|Win32
		{B6D6D129-B054-42FB-8FE9-6634930B5B49}.Release|x64.ActiveCfg = Release|x64
		{B6D6D129-B054-42FB-8FE9-6634930B5B49}.Release|x64.Build.0 = Release|x64
		{2674335C-6DF7-4511-8584-D5B825B9EADD}.Debug|Win32.ActiveCfg = Debug|x64
		{2674335C-6DF7-4511-8584-D5B825B9EADD}.Debug|Win32.Build.0 = Debug|x64
		{2674335C-6DF7-4511-8584-D5B825B9EADD}.Debug|x64.ActiveCfg = Debug|x64
		{2674335C-6DF7-4511-8584-D5B825B9EADD}.Debug|x64.Build.0 = Debug|x64
		{2674335C-6DF7-4511-8584-D5B825B9EADD}.Release|Win32.ActiveCfg = Release|x64
		{2674335C-6DF7-4511-8584-D5B825B9EADD}.Release|Win32.Build.0 = Release|x64
		{2674335C-6DF7-4511-8584-D5B825B9EADD}.Release|x64.ActiveCfg = Release|x64
		{2674335C-6DF7-4511-8584-D5B825B9EADD}.Release|x64.Build.0 = Release|x64
		{9B8D0972-ADEA-4062-8828-56B61DA206E4}.Debug|Win32.ActiveCfg = Debug|Win32
		{9B8D0972-ADEA-4062-8828-56B61DA206E4}.Debug|Win32.Build.0 = Debug|Win32
		{9B8D0972-ADEA-4062-8828-56B61DA206E4}.Debug|x64.ActiveCfg = Debug|x64
		{9B8D0972-ADEA-4062-8828-56B61DA206E4}.Debug|x64.Build.0 = Debug|x64
		{9B8D0972-ADEA-4062-8828-56B61DA206E4}.Release|Win32.ActiveCfg = Release|Win32
		{9B8D0972-ADEA-4062-8828-56B61DA206E4}.Release|Win32.Build.0 = Release|Win32
		{9B8D0972-ADEA-4062-8828-56B61DA206E4}.Release|x64.ActiveCfg = Release|x64
		{9B8D0972-ADEA-4062-8828-56B61DA206E4}.Release|x64.Build.0 = Release|x64
		{CB88CFD2-D142-4D2A-BCDB-4BBA0750E38A}.Debug|Win32.ActiveCfg = Debug|x64
		{CB88CFD2-D142-4D2A-BCDB-4BBA0750E38A}.Debug|Win32.Build.0 = Debug|x64
		{CB88CFD2-D142-4D2A-BCDB-4BBA0750E38A}.Debug|x64.ActiveCfg = Debug|x64
		{CB88CFD2-D142-4D2A-BCDB-4BBA0750E38A}.Debug|x64.Build.0 = Debug|x64
		{CB88CFD2-D142-4D2A-BCDB-4BBA0750E38A}.Release|Win32.ActiveCfg = Release|x64
		{CB88CFD2-D142-4D2A-BCDB-4BBA0750E38A}.Release|Win32.Build.0 = Release|x64
		{CB88CFD2-D142-4D2A-BCDB-4BBA0750E38A}.Release|x64.ActiveCfg = Release|x64
		{CB88CFD2-D142-4D2A-BCDB-4BBA0750E38A}.Release|x64.Build.0 = Release|x64
		{0C05CEF5-3D0C-4600-BA00-FB56CADEDAB1}.Debug|Win32.ActiveCfg = Debug|Win32
		{0C05CEF5-3D0C-4600-BA00-FB56CADEDAB1}.Debug|Win32.Build.0 = Debug|Win32
		{0C05CEF5-3D0C-4600-BA00-FB56CADEDAB1}.Debug|x64.ActiveCfg = Debug|x64
		{0C05CEF5-3D0C-4600-BA00-FB56CADEDAB1}.Debug|x64.Build.0 = Debug|x64
		{0C05CEF5-3D0C-4600-BA00-FB56CADEDAB1}.Release|Win32.ActiveCfg = Release|Win32
		{0C05CEF5-3D0C-4600-BA00-FB56CADEDAB1}.Release|Win32.Build.0 = Release|Win32
		{0C05CEF5-3D0C-4600-BA00-FB56CADEDAB1}.Release|x64.ActiveCfg = Release|x64
		{0C05CEF5-3D0C-4600-BA00-FB56CADEDAB1}.Release|x64.Build.0 = Release|x64
		{2C7A867D-76DF-448D-B0A7-1FE84AB66D8C}.Debug|Win32.ActiveCfg = Debug|Win32
		{2C7A867D-76DF-448D-B0A7-1FE84AB66D8C}.Debug|Win32.Build.0 = Debug|Win32
		{2C7A867D-76DF-448D-B0A7-1FE84AB66D8C}.Debug|x64.ActiveCfg = Debug|Win32
		{2C7A867D-76DF-448D-B0A7-1FE84AB66D8C}.Debug|x64.Build.0 = Debug|Win32
		{2C7A867D-76DF-448D-B0A7-1FE84AB66D8C}.Release|Win32.ActiveCfg = Release|Win32
		{2C7A867D-76DF-448D-B0A7-1FE84AB66D8C}.Release|Win32.Build.0 = Release|Win32
		{2C7A867D-76DF-448D-B0A7-1FE84AB66D8C}.Release|x64.ActiveCfg = Release|Win32
		{2C7A867D-76DF-448D-B0A7-1FE84AB66D8C}.Release|x64.Build.0 = Release|Win32
		{E466D491-A4E5-453E-BEBE-D19B37C1B7D1}.Debug|Win32.ActiveCfg = Debug|x64
		{E466D491-A4E5-453E-BEBE-D19B37C1B7D1}.Debug|Win32.Build.0 = Debug|x64
		{E466D491-A4E5-453E-BEBE-D19B37C1B7D1}.Debug|x64.ActiveCfg = Debug|x64
		{E466D491-A4E5-453E-BEBE-D19B37C1B7D1}.Debug|x64.Build.0 = Debug|x64
		{E466D491-A4E5-453E-BEBE-D19B37C1B7D1}.Release|Win32.ActiveCfg = Release|x64
		{E466D491-A4E5-453E-BEBE-D19B37C1B7D1}.Release|Win32.Build.0 = Release|x64
		{E466D491-A4E5-453E-BEBE-D19B37C1B7D1}.Release|x64.ActiveCfg = Release|x64
		{E466D491-A4E5-453E-BEBE-D19B37C1B7D1}.Release|x64.Build.0 = Release|x64
		{6D74ABEB-D840-48F4-8763-7968B3402B07}.Debug|Win32.ActiveCfg = Debug|x64
		{6D74ABEB-D840-48F4-8763-7968B3402B07}.Debug|Win32.Build.0 = Debug|x64
		{6D74ABEB-D840-48F4-8763-7968B3402B07}.Debug|x64.ActiveCfg = Debug|x64
		{6D74ABEB-D840-48F4-8763-7968B3402B07}.Debug|x64.Build.0 = Debug|x64
		{6D74ABEB-D840-48F4-8763-7968B3402B07}.Release|Win32.ActiveCfg = Release|x64
		{6D74ABEB-D840-48F4-8763-7968B3402B07}.Release|Win32.Build.0 = Release|x64
		{6D74ABEB-D840-48F4-8763-7968B3402B07}.Release|x64.ActiveCfg = Release|x64
		{6D74ABEB-D840-48F4-8763-7968B3402B07}.Release|x64.Build.0 = Release|x64
		{629F966C-F1E3-4793-B35B-D344477021F0}.Debug|Win32.ActiveCfg = Debug|x64
		{629F966C-F1E3-4793-B35B-D344477021F0}.Debug|Win32.Build.0 = Debug|x64
		{629F966C-F1E3-4793-B35B-D344477021F0}.Debug|x64.ActiveCfg = Debug|x64
		{629F966C-F1E3-4793-B35B-D344477021F0}.Debug|x64.Build.0 = Debug|x64
		{629F966C-F1E3-4793-B35B-D344477021F0}.Release|Win32.ActiveCfg = Release|x64
		{629F966C-F1E3-4793-B35B-D344477021F0}.Release|Win32.Build.0 = Release|x64
		{629F966C-F1E3-4793-B35B-D344477021F0}.Release|x64.ActiveCfg = Release|x64
		{629F966C-F1E3-4793-B35B-D344477021F0}.Release|x64.Build.0 = Release|x64
		{6C75D09B-BD7A-4BEB-AE78-08BB5DBAC79F}.Debug|Win32.ActiveCfg = Debug|Win32
		{6C75D09B-BD7A-4BEB-AE78-08BB5DBAC79F}.Debug|Win32.Build.0 = Debug|Win32
		{6C75D09B-BD7A-4BEB-AE78-08BB5DBAC79F}.Debug|x64.ActiveCfg = Debug|x64
		{6C75D09B-BD7A-4BEB-AE78-08BB5DBAC79F}.Debug|x64.Build.0 = Debug|x64
		{6C75D09B-BD7A-4BEB-AE78-08BB5DBAC79F}.Release|Win32.ActiveCfg = Release|x64
		{6C75D09B-BD7A-4BEB-AE78-08BB5DBAC79F}.Release|Win32.Build.0 = Release|x64
		{6C75D09B-BD7A-4BEB-AE78-08BB5DBAC79F}.Release|x64.ActiveCfg = Release|x64
		{6C75D09B-BD7A-4BEB-AE78-08BB5DBAC79F}.Release|x64.Build.0 = Release|x64
		{D26F43A7-5597-4E07-A01C-102A23AE997A}.Debug|Win32.ActiveCfg = Debug|Win32
		{D26F43A7-5597-4E07-A01C-102A23AE997A}.Debug|Win32.Build.0 = Debug|Win32
		{D26F43A7-5597-4E07-A01C-102A23AE997A}.Debug|x64.ActiveCfg = Debug|x64
		{D26F43A7-5597-4E07-A01C-102A23AE997A}.Debug|x64.Build.0 = Debug|x64
		{D26F43A7-5597-4E07-A01C-102A23AE997A}.Release|Win32.ActiveCfg = Release|Win32
		{D26F43A7-5597-4E07-A01C-102A23AE997A}.Release|Win32.Build.0 = Release|Win32
		{D26F43A7-5597-4E07-A01C-102A23AE997A}.Release|x64.ActiveCfg = Release|x64
		{D26F43A7-5597-4E07-A01C-102A23AE997A}.Release|x64.Build.0 = Release|x64
		{F43FCA80-67B8-41A6-983C-E0C3AEFF1A40}.Debug|Win32.ActiveCfg = Debug|x64
		{F43FCA80-67B8-41A6-983C-E0C3AEFF1A40}.Debug|Win32.Build.0 = Debug|x64
		{F43FCA80-67B8-41A6-983C-E0C3AEFF1A40}.Debug|x64.ActiveCfg = Debug|x64
		{F43FCA80-67B8-41A6-983C-E0C3AEFF1A40}.Debug|x64.Build.0 = Debug|x64
		{F43FCA80-67B8-41A6-983C-E0C3AEFF1A40}.Release|Win32.ActiveCfg = Release|x64
		{F43FCA80-67B8-41A6-983C-E0C3AEFF1A40}.Release|Win32.Build.0 = Release|x64
		{F43FCA80-67B8-41A6-983C-E0C3AEFF1A40}.Release|x64.ActiveCfg = Release|x64
		{F43FCA80-67B8-41A6-983C-E0C3AEFF1A40}.Release|x64.Build.0 = Release|x64
		{A71DEA5C-E1B3-485B-90D7-D7705E1E5A78}.Debug|Win32.ActiveCfg = Debug|x64
		{A71DEA5C-E1B3-485B-90D7-D7705E1E5A78}.Debug|Win32.Build.0 = Debug|x64
		{A71DEA5C-E1B3-485B-90D7-D7705E1E5A78}.Debug|x64.ActiveCfg = Debug|x64
		{A71DEA5C-E1B3-485B-90D7-D7705E1E5A78}.Debug|x64.Build.0 = Debug|x64
		{A71DEA5C-E1B3-485B-90D7-D7705E1E5A78}.Release|Win32.ActiveCfg = Release|x64
		{A71DEA5C-E1B3-485B-90D7-D7705E1E5A78}.Release|Win32.Build.0 = Release|x64
		{A71DEA5C-E1B3-485B-90D7-D7705E1E5A78}.Release|x64.ActiveCfg = Release|x64
		{A71DEA5C-E1B3-485B-90D7-D7705E1E5A78}.Release|x64.Build.0 = Release|x64
		{77ED1D8A-CC81-4EF8-87AA-E7F1D9CE4289}.Debug|Win32.ActiveCfg = Debug|x64
		{77ED1D8A-CC81-4EF8-87AA-E7F1D9CE4289}.Debug|Win32.Build.0 = Debug|x64
		{77ED1D8A-CC81-4EF8-87AA-E7F1D9CE4289}.Debug|x64.ActiveCfg = Debug|x64
		{77ED1D8A-CC81-4EF8-87AA-E7F1D9CE4289}.Debug|x64.Build.0 = Debug|x64
		{77ED1D8A-CC81-4EF8-87AA-E7F1D9CE4289}.Release|Win32.ActiveCfg = Release|x64
		{77ED1D8A-CC81-4EF8-87AA-E7F1D9CE4289}.Release|Win32.Build.0 = Release|x64
		{77ED1D8A-CC81-4EF8-87AA-E7F1D9CE4289}.Release|x64.ActiveCfg = Release|x64
		{77ED1D8A-CC81-4EF8-87AA-E7F1D9CE4289}.Release|x64.Build.0 = Release|x64
		{69CA98FF-B204-4E85-AFDA-2364DFB26235}.Debug|Win32.ActiveCfg = Debug|Win32
		{69CA98FF-B204-4E85-AFDA-2364DFB26235}.Debug|Win32.Build.0 = Debug|Win32
		{69CA98FF-B204-4E85-AFDA-2364DFB26235}.Debug|x64.ActiveCfg = Debug|x64
		{69CA98FF-B204-4E85-AFDA-2364DFB26235}.Debug|x64.Build.0 = Debug|x64
		{69CA98FF-B204-4E85-AFDA-2364DFB26235}.Release|Win32.ActiveCfg = Release|Win32
		{69CA98FF-B204-4E85-AFDA-2364DFB26235}.Release|Win32.Build.0 = Release|Win32
		{69CA98FF-B204-4E85-AFDA-2364DFB26235}.Release|x64.ActiveCfg = Release|x64
		{69CA98FF-B204-4E85-AFDA-2364DFB26235}.Release|x64.Build.0 = Release|x64
		{FF13ED9B-40DB-4AF5-934C-3D3D6A8B1A72}.Debug|Win32.ActiveCfg = Debug|x64
		{FF13ED9B-40DB-4AF5-934C-3D3D6A8B1A72}.Debug|Win32.Build.0 = Debug|x64
		{FF13ED9B-40DB-4AF5-934C-3D3D6A8B1A72}.Debug|x64.ActiveCfg = Debug|x64
		{FF13ED9B-40DB-4AF5-934C-3D3D6A8B1A72}.Debug|x64.Build.0 = Debug|x64
		{FF13ED9B-40DB-4AF5-934C-3D3D6A8B1A72}.Release|Win32.ActiveCfg = Release|x64
		{FF13ED9B-40DB-4AF5-934C-3D3D6A8B1A72}.Release|Win32.Build.0 = Release|x64
		{FF13ED9B-40DB-4AF5-934C-3D3D6A8B1A72}.Release|x64.ActiveCfg = Release|x64
		{FF13ED9B-40DB-4AF5-934C-3D3D6A8B1A72}.Release|x64.Build.0 = Release|x64
		{793AAC3D-357F-46EE-A63B-17FB3646822F}.Debug|Win32.ActiveCfg = Debug|x64
		{793AAC3D-357F-46EE-A63B-17FB3646822F}.Debug|Win32.Build.0 = Debug|x64
		{793AAC3D-357F-46EE-A63B-17FB3646822F}.Debug|x64.ActiveCfg = Debug|x64
		{793AAC3D-357F-46EE-A63B-17FB3646822F}.Debug|x64.Build.0 = Debug|x64
		{793AAC3D-357F-46EE-A63B-17FB3646822F}.Release|Win32.ActiveCfg = Release|x64
		{793AAC3D-357F-46EE-A63B-17FB3646822F}.Release|Win32.Build.0 = Release|x64
		{793AAC3D-357F-46EE-A63B-17FB3646822F}.Release|x64.ActiveCfg = Release|x64
		{793AAC3D-357F-46EE-A63B-17FB3646822F}.Release|x64.Build.0 = Release|x64
		{27F82A9E-23BD-45BA-A2C0-59D8611D90F2}.Debug|Win32.ActiveCfg = Debug|Win32
		{27F82A9E-23BD-45BA-A2C0-59D8611D90F2}.Debug|Win32.Build.0 = Debug|Win32
		{27F82A9E-23BD-45BA-A2C0-59D8611D90F2}.Debug|x64.ActiveCfg = Debug|x64
		{27F82A9E-23BD-45BA-A2C0-59D8611D90F2}.Debug|x64.Build.0 = Debug|x64
		{27F82A9E-23BD-45BA-A2C0-59D8611D90F2}.Release|Win32.ActiveCfg = Release|Win32
		{27F82A9E-23BD-45BA-A2C0-59D8611D90F2}.Release|Win32.Build.0 = Release|Win32
		{27F82A9E-23BD-45BA-A2C0-59D8611D90F2}.Release|x64.ActiveCfg = Release|x64
		{27F82A9E-23BD-45BA-A2C0-59D8611D90F2}.Release|x64.Build.0 = Release|x64
		{D57EF22B-03D8-490F-83BE-2493460832EE}.Debug|Win32.ActiveCfg = Debug|x64
		{D57EF22B-03D8-490F-83BE-2493460832EE}.Debug|Win32.Build.0 = Debug|x64
		{D57EF22B-03D8-490F-83BE-2493460832EE}.Debug|x64.ActiveCfg = Debug|x64
		{D57EF22B-03D8-490F-83BE-2493460832EE}.Debug|x64.Build.0 = Debug|x64
		{D57EF22B-03D8-490F-83BE-2493460832EE}.Release|Win32.ActiveCfg = Release|x64
		{D57EF22B-03D8-490F-83BE-2493460832EE}.Release|Win32.Build.0 = Release|x64
		{D57EF22B-03D8-490F-83BE-2493460832EE}.Release|x64.ActiveCfg = Release|x64
		{D57EF22B-03D8-490F-83BE-2493460832EE}.Release|x64.Build.0 = Release|x64
		{C94D40DF-7532-498D-88C3-E210318FD175}.Debug|Win32.ActiveCfg = Debug|Win32
		{C94D40DF-7532-498D-88C3-E210318FD175}.Debug|Win32.Build.0 = Debug|Win32
		{C94D40DF-7532-498D-88C3-E210318FD175}.Debug|x64.ActiveCfg = Debug|x64
		{C94D40DF-7532-498D-88C3-E210318FD175}.Debug|x64.Build.0 = Debug|x64
		{C94D40DF-7532-498D-88C3-E210318FD175}.Release|Win32.ActiveCfg = Release|Win32
		{C94D40DF-7532-498D-88C3-E210318FD175}.Release|Win32.Build.0 = Release|Win32
		{C94D40DF-7532-498D-88C3-E210318FD175}.Release|x64.ActiveCfg = Release|x64
		{C94D40DF-7532-498D-88C3-E210318FD175}.Release|x64.Build.0 = Release|x64
		{812FD9E9-CCAC-46D6-BAE2-6AE18CA6B2B5}.Debug|Win32.ActiveCfg = Debug|Win32
		{812FD9E9-CCAC-46D6-BAE2-6AE18CA6B2B5}.Debug|Win32.Build.0 = Debug|Win32
		{812FD9E9-CCAC-46D6-BAE2-6AE18CA6B2B5}.Debug|x64.ActiveCfg = Debug|x64
		{812FD9E9-CCAC-46D6-BAE2-6AE18CA6B2B5}.Debug|x64.Build.0 = Debug|x64
		{812FD9E9-CCAC-46D6-BAE2-6AE18CA6B2B5}.Release|Win32.ActiveCfg = Release|Win32
		{812FD9E9-CCAC-46D6-BAE2-6AE18CA6B2B5}.Release|Win32.Build.0 = Release|Win32
		{812FD9E9-CCAC-46D6-BAE2-6AE18CA6B2B5}.Release|x64.ActiveCfg = Release|x64
		{812FD9E9-CCAC-46D6-BAE2-6AE18CA6B2B5}.Release|x64.Build.0 = Release|x64
		{6F0B7BD4-5283-49FF-B1D3-508E2C726647}.Debug|Win32.ActiveCfg = Debug|Win32
		{6F0B7BD4-5283-49FF-B1D3-508E2C726647}.Debug|Win32.Build.0 = Debug|Win32
		{6F0B7BD4-5283-49FF-B1D3-508E2C726647}.Debug|x64.ActiveCfg = Debug|x64
		{6F0B7BD4-5283-49FF-B1D3-508E2C726647}.Debug|x64.Build.0 = Debug|x64
		{6F0B7BD4-5283-49FF-B1D3-508E2C726647}.Release|Win32.ActiveCfg = Release|Win32
		{6F0B7BD4-5283-49FF-B1D3-508E2C726647}.Release|Win32.Build.0 = Release|Win32
		{6F0B7BD4-5283-49FF-B1D3-508E2C726647}.Release|x64.ActiveCfg = Release|x64
		{6F0B7BD4-5283-49FF-B1D3-508E2C726647}.Release|x64.Build.0 = Release|x64
		{73F993D6-5445-4F9F-BD96-D7066E3FEF36}.Debug|Win32.ActiveCfg = Debug|Win32
		{73F993D6-5445-4F9F-BD96-D7066E3FEF36}.Debug|Win32.Build.0 = Debug|Win32
		{73F993D6-5445-4F9F-BD96-D7066E3FEF36}.Debug|x64.ActiveCfg = Debug|x64
		{73F993D6-5445-4F9F-BD96-D7066E3FEF36}.Debug|x64.Build.0 = Debug|x64
		{73F993D6-5445-4F9F-BD96-D7066E3FEF36}.Release|Win32.ActiveCfg = Release|Win32
		{73F993D6-5445-4F9F-BD96-D7066E3FEF36}.Release|Win32.Build.0 = Release|Win32
		{73F993D6-5445-4F9F-BD96-D7066E3FEF36}.Release|x64.ActiveCfg = Release|x64
		{73F993D6-5445-4F9F-BD96-D7066E3FEF36}.Release|x64.Build.0 = Release|x64
		{8810174F-FB02-4FFD-9F2C-0211F7A1320F}.Debug|Win32.ActiveCfg = Debug|Win32
		{8810174F-FB02-4FFD-9F2C-0211F7A1320F}.Debug|Win32.Build.0 = Debug|Win32
		{8810174F-FB02-4FFD-9F2C-0211F7A1320F}.Debug|x64.ActiveCfg = Debug|x64
		{8810174F-FB02-4FFD-9F2C-0211F7A1320F}.Debug|x64.Build.0 = Debug|x64
		{8810174F-FB02-4FFD-9F2C-0211F7A1320F}.Release|Win32.ActiveCfg = Release|Win32
		{8810174F-FB02-4FFD-9F2C-0211F7A1320F}.Release|Win32.Build.0 = Release|Win32
		{8810174F-FB02-4FFD-9F2C-0211F7A1320F}.Release|x64.ActiveCfg = Release|x64
		{8810174F-FB02-4FFD-9F2C-0211F7A1320F}.Release|x64.Build.0 = Release|x64
		{ACD4D4D3-0855-4116-8EC8-95733BC75296}.Debug|Win32.ActiveCfg = Debug|x64
		{ACD4D4D3-0855-4116-8EC8-95733BC75296}.Debug|Win32.Build.0 = Debug|x64
		{ACD4D4D3-0855-4116-8EC8-95733BC75296}.Debug|x64.ActiveCfg = Debug|x64
		{ACD4D4D3-0855-4116-8EC8-95733BC75296}.Debug|x64.Build.0 = Debug|x64
		{ACD4D4D3-0855-4116-8EC8-95733BC75296}.Release|Win32.ActiveCfg = Release|x64
		{ACD4D4D3-0855-4116-8EC8-95733BC75296}.Release|Win32.Build.0 = Release|x64
		{ACD4D4D3-0855-4116-8EC8-95733BC75296}.Release|x64.ActiveCfg = Release|x64
		{ACD4D4D3-0855-4116-8EC8-95733BC75296}.Release|x64.Build.0 = Release|x64
		{DE37DD0A-E532-4902-8FC4-B8CFB5B0CFCA}.Debug|Win32.ActiveCfg = Debug|x64
		{DE37DD0A-E532-4902-8FC4-B8CFB5B0CFCA}.Debug|Win32.Build.0 = Debug|x64
		{DE37DD0A-E532-4902-8FC4-B8CFB5B0CFCA}.Debug|x64.ActiveCfg = Debug|x64
		{DE37DD0A-E532-4902-8FC4-B8CFB5B0CFCA}.Debug|x64.Build.0 = Debug|x64
		{DE37DD0A-E532-4902-8FC4-B8CFB5B0CFCA}.Release|Win32.ActiveCfg = Release|x64
		{DE37DD0A-E532-4902-8FC4-B8CFB5B0CFCA}.Release|Win32.Build.0 = Release|x64
		{DE37DD0A-E532-4902-8FC4-B8CFB5B0CFCA}.Release|x64.ActiveCfg = Release|x64
		{DE37DD0A-E532-4902-8FC4-B8CFB5B0CFCA}.Release|x64.Build.0 = Release|x64
		{506E6614-3D46-47B1-BC46-5DF0B71E2703}.Debug|Win32.ActiveCfg = Debug|Win32
		{506E6614-3D46-47B1-BC46-5DF0B71E2703}.Debug|Win32.Build.0 = Debug|Win32
		{506E6614-3D46-47B1-BC46-5DF0B71E2703}.Debug|x64.ActiveCfg = Debug|x64
		{506E6614-3D46-47B1-BC46-5DF0B71E2703}.Debug|x64.Build.0 = Debug|x64
		{506E6614-3D46-47B1-BC46-5DF0B71E2703}.Release|Win32.ActiveCfg = Release|Win32
		{506E6614-3D46-47B1-BC46-5DF0B71E2703}.Release|Win32.Build.0 = Release|Win32
		{506E6614-3D46-47B1-BC46-5DF0B71E2703}.Release|x64.ActiveCfg = Release|x64
		{506E6614-3D46-47B1-BC46-5DF0B71E2703}.Release|x64.Build.0 = Release|x64
		{F320E76F-E9EC-4187-B505-491824EAF2C0}.Debug|Win32.ActiveCfg = Debug|x64
		{F320E76F-E9EC-4187-B505-491824EAF2C0}.Debug|Win32.Build.0 = Debug|x64
		{F320E76F-E9EC-4187-B505-491824EAF2C0}.Debug|x64.ActiveCfg = Debug|x64
		{F320E76F-E9EC-4187-B505-491824EAF2C0}.Debug|x64.Build.0 = Debug|x64
		{F320E76F-E9EC-4187-B505-491824EAF2C0}.Release|Win32.ActiveCfg = Release|x64
		{F320E76F-E9EC-4187-B505-491824EAF2C0}.Release|Win32.Build.0 = Release|x64
		{F320E76F-E9EC-4187-B505-491824EAF2C0}.Release|x64.ActiveCfg = Release|x64
		{F320E76F-E9EC-4187-B505-491824EAF2C0}.Release|x64.Build.0 = Release|x64
		{5F930520-0073-44F7-A80E-A724094092A8}.Debug|Win32.ActiveCfg = Debug|x64
		{5F930520-0073-44F7-A80E-A724094092A8}.Debug|Win32.Build.0 = Debug|x64
		{5F930520-0073-44F7-A80E-A724094092A8}.Debug|x64.ActiveCfg = Debug|x64
		{5F930520-0073-44F7-A80E-A724094092A8}.Debug|x64.Build.0 = Debug|x64
		{5F930520-0073-44F7-A80E-A724094092A8}.Release|Win32.ActiveCfg = Release|x64
		{5F930520-0073-44F7-A80E-A724094092A8}.Release|Win32.Build.0 = Release|x64
		{5F930520-0073-44F7-A80E-A724094092A8}.Release|x64.ActiveCfg = Release|x64
		{5F930520-0073-44F7-A80E-A724094092A8}.Release|x64.Build.0 = Release|x64
		{858029CD-16CA-4CB9-B1DA-728D6A074B6F}.Debug|Win32.ActiveCfg = Debug|x64
		{858029CD-16CA-4CB9-B1DA-728D6A074B6F}.Debug|Win32.Build.0 = Debug|x64
		{858029CD-16CA-4CB9-B1DA-728D6A074B6F}.Debug|x64.ActiveCfg = Debug|x64
		{858029CD-16CA-4CB9-B1DA-728D6A074B6F}.Debug|x64.Build.0 = Debug|x64
		{858029CD-16CA-4CB9-B1DA-728D6A074B6F}.Release|Win32.ActiveCfg = Release|x64
		{858029CD-16CA-4CB9-B1DA-728D6A074B6F}.Release|Win32.Build.0 = Release|x64
		{858029CD-16CA-4CB9-B1DA-728D6A074B6F}.Release|x64.ActiveCfg = Release|x64
		{858029CD-16CA-4CB9-B1DA-728D6A074B6F}.Release|x64.Build.0 = Release|x64
		{FE091E17-E602-473A-96B4-747FBF0982E5}.Debug|Win32.ActiveCfg = Debug|x64
		{FE091E17-E602-473A-96B4-747FBF0982E5}.Debug|Win32.Build.0 = Debug|x64
		{FE091E17-E602-473A-96B4-747FBF0982E5}.Debug|x64.ActiveCfg = Debug|x64
		{FE091E17-E602-473A-96B4-747FBF0982E5}.Debug|x64.Build.0 = Debug|x64
		{FE091E17-E602-473A-96B4-747FBF0982E5}.Release|Win32.ActiveCfg = Release|x64
		{FE091E17-E602-473A-96B4-747FBF0982E5}.Release|Win32.Build.0 = Release|x64
		{FE091E17-E602-473A-96B4-747FBF0982E5}.Release|x64.ActiveCfg = Release|x64
		{FE091E17-E602-473A-96B4-747FBF0982E5}.Release|x64.Build.0 = Release|x64
		{F5FD78C1-84B9-4938-887E-3385A7F942A4}.Debug|Win32.ActiveCfg = Debug|Win32
		{F5FD78C1-84B9-4938-887E-3385A7F942A4}.Debug|Win32.Build.0 = Debug|Win32
		{F5FD78C1-84B9-4938-887E-3385A7F942A4}.Debug|x64.ActiveCfg = Debug|x64
		{F5FD78C1-84B9-4938-887E-3385A7F942A4}.Debug|x64.Build.0 = Debug|x64
		{F5FD78C1-84B9-4938-887E-3385A7F942A4}.Release|Win32.ActiveCfg = Release|Win32
		{F5FD78C1-84B9-4938-887E-3385A7F942A4}.Release|Win32.Build.0 = Release|Win32
		{F5FD78C1-84B9-4938-887E-3385A7F942A4}.Release|x64.ActiveCfg = Release|x64
		{F5FD78C1-84B9-4938-887E-3385A7F942A4}.Release|x64.Build.0 = Release|x64
		{12ED6059-F47E-4EFE-B58E-994F39A3F04F}.Debug|Win32.ActiveCfg = Debug|x64
		{12ED6059-F47E-4EFE-B58E-994F39A3F04F}.Debug|Win32.Build.0 = Debug|x64
		{12ED6059-F47E-4EFE-B58E-994F39A3F04F}.Debug|x64.ActiveCfg = Debug|x64
		{12ED6059-F47E-4EFE-B58E-994F39A3F04F}.Debug|x64.Build.0 = Debug|x64
		{12ED6059-F47E-4EFE-B58E-994F39A3F04F}.Release|Win32.ActiveCfg = Release|x64
		{12ED6059-F47E-4EFE-B58E-994F39A3F04F}.Release|Win32.Build.0 = Release|x64
		{12ED6059-F47E-4EFE-B58E-994F39A3F04F}.Release|x64.ActiveCfg = Release|x64
		{12ED6059-F47E-4EFE-B58E-994F39A3F04F}.Release|x64.Build.0 = Release|x64
		{378533CE-A4A6-4F9E-9A08-70E523AD5340}.Debug|Win32.ActiveCfg = Debug|Win32
		{378533CE-A4A6-4F9E-9A08-70E523AD5340}.Debug|Win32.Build.0 = Debug|Win32
		{378533CE-A4A6-4F9E-9A08-70E523AD5340}.Debug|x64.ActiveCfg = Debug|x64
		{378533CE-A4A6-4F9E-9A08-70E523AD5340}.Debug|x64.Build.0 = Debug|x64
		{378533CE-A4A6-4F9E-9A08-70E523AD5340}.Release|Win32.ActiveCfg = Release|Win32
		{378533CE-A4A6-4F9E-9A08-70E523AD5340}.Release|Win32.Build.0 = Release|Win32
		{378533CE-A4A6-4F9E-9A08-70E523AD5340}.Release|x64.ActiveCfg = Release|x64
		{378533CE-A4A6-4F9E-9A08-70E523AD5340}.Release|x64.Build.0 = Release|x64
		{DA99D92B-D17B-4AF2-B518-64A8E41EACC9}.Debug|Win32.ActiveCfg = Debug|x64
		{DA99D92B-D17B-4AF2-B518-64A8E41EACC9}.Debug|Win32.Build.0 = Debug|x64
		{DA99D92B-D17B-4AF2-B518-64A8E41EACC9}.Debug|x64.ActiveCfg = Debug|x64
		{DA99D92B-D17B-4AF2-B518-64A8E41EACC9}.Debug|x64.Build.0 = Debug|x64
		{DA99D92B-D17B-4AF2-B518-64A8E41EACC9}.Release|Win32.ActiveCfg = Release|x64
		{DA99D92B-D17B-4AF2-B518-64A8E41EACC9}.Release|Win32.Build.0 = Release|x64
		{DA99D92B-D17B-4AF2-B518-64A8E41EACC9}.Release|x64.ActiveCfg = Release|x64
		{DA99D92B-D17B-4AF2-B518-64A8E41EACC9}.Release|x64.Build.0 = Release|x64
		{7DB4959B-CCE6-4D83-9A7C-D1CE861B5D1C}.Debug|Win32.ActiveCfg = Debug|x64
		{7DB4959B-CCE6-4D83-9A7C-D1CE861B5D1C}.Debug|Win32.Build.0 = Debug|x64
		{7DB4959B-CCE6-4D83-9A7C-D1CE861B5D1C}.Debug|x64.ActiveCfg = Debug|x64
		{7DB4959B-CCE6-4D83-9A7C-D1CE861B5D1C}.Debug|x64.Build.0 = Debug|x64
		{7DB4959B-CCE6-4D83-9A7C-D1CE861B5D1C}.Release|Win32.ActiveCfg = Release|x64
		{7DB4959B-CCE6-4D83-9A7C-D1CE861B5D1C}.Release|Win32.Build.0 = Release|x64
		{7DB4959B-CCE6-4D83-9A7C-D1CE861B5D1C}.Release|x64.ActiveCfg = Release|x64
		{7DB4959B-CCE6-4D83-9A7C-D1CE861B5D1C}.Release|x64.Build.0 = Release|x64
		{5DB970AF-AD57-4FC2-8E86-80612765C045}.Debug|Win32.ActiveCfg = Debug|x64
		{5DB970AF-AD57-4FC2-8E86-80612765C045}.Debug|Win32.Build.0 = Debug|x64
		{5DB970AF-AD57-4FC2-8E86-80612765C045}.Debug|x64.ActiveCfg = Debug|x64
		{5DB970AF-AD57-4FC2-8E86-80612765C045}.Debug|x64.Build.0 = Debug|x64
		{5DB970AF-AD57-4FC2-8E86-80612765C045}.Release|Win32.ActiveCfg = Release|x64
		{5DB970AF-AD57-4FC2-8E86-80612765C045}.Release|Win32.Build.0 = Release|x64
		{5DB970AF-AD57-4FC2-8E86-80612765C045}.Release|x64.ActiveCfg = Release|x64
		{5DB970AF-AD57-4FC2-8E86-80612765C045}.Release|x64.Build.0 = Release|x64
		{B833831E-EF8F-4F69-982E-BD3A973A3702}.Debug|Win32.ActiveCfg = Debug|x64
		{B833831E-EF8F-4F69-982E-BD3A973A3702}.Debug|Win32.Build.0 = Debug|x64
		{B833831E-EF8F-4F69-982E-BD3A973A3702}.Debug|x64.ActiveCfg = Debug|x64
		{B833831E-EF8F-4F69-982E-BD3A973A3702}.Debug|x64.Build.0 = Debug|x64
		{B833831E-EF8F-4F69-982E-BD3A973A3702}.Release|Win32.ActiveCfg = Release|x64
		{B833831E-EF8F-4F69-982E-BD3A973A3702}.Release|Win32.Build.0 = Release|x64
		{B833831E-EF8F-4F69-982E-BD3A973A3702}.Release|x64.ActiveCfg = Release|x64
		{B833831E-EF8F-4F69-982E-BD3A973A3702}.Release|x64.Build.0 = Release|x64
		{9708EAB4-4135-423A-B2CD-BAF1EDD93E32}.Debug|Win32.ActiveCfg = Debug|x64
		{9708EAB4-4135-423A-B2CD-BAF1EDD93E32}.Debug|Win32.Build.0 = Debug|x64
		{9708EAB4-4135-423A-B2CD-BAF1EDD93E32}.Debug|x64.ActiveCfg = Debug|x64
		{9708EAB4-4135-423A-B2CD-BAF1EDD93E32}.Debug|x64.Build.0 = Debug|x64
		{9708EAB4-4135-423A-B2CD-BAF1EDD93E32}.Release|Win32.ActiveCfg = Release|x64
		{9708EAB4-4135-423A-B2CD-BAF1EDD93E32}.Release|Win32.Build.0 = Release|x64
		{9708EAB4-4135-423A-B2CD-BAF1EDD93E32}.Release|x64.ActiveCfg = Release|x64
		{9708EAB4-4135-423A-B2CD-BAF1EDD93E32}.Release|x64.Build.0 = Release|x64
		{B10555AC-F1B7-4B41-9C1C-2990DB4D2828}.Debug|Win32.ActiveCfg = Debug|Win32
		{B10555AC-F1B7-4B41-9C1C-2990DB4D2828}.Debug|Win32.Build.0 = Debug|Win32
		{B10555AC-F1B7-4B41-9C1C-2990DB4D2828}.Debug|x64.ActiveCfg = Debug|x64
		{B10555AC-F1B7-4B41-9C1C-2990DB4D2828}.Debug|x64.Build.0 = Debug|x64
		{B10555AC-F1B7-4B41-9C1C-2990DB4D2828}.Release|Win32.ActiveCfg = Release|Win32
		{B10555AC-F1B7-4B41-9C1C-2990DB4D2828}.Release|Win32.Build.0 = Release|Win32
		{B10555AC-F1B7-4B41-9C1C-2990DB4D2828}.Release|x64.ActiveCfg = Release|x64
		{B10555AC-F1B7-4B41-9C1C-2990DB4D2828}.Release|x64.Build.0 = Release|x64
		{C93C9595-0099-48D6-AB8D-2A57433AD385}.Debug|Win32.ActiveCfg = Debug|x64
		{C93C9595-0099-48D6-AB8D-2A57433AD385}.Debug|Win32.Build.0 = Debug|x64
		{C93C9595-0099-48D6-AB8D-2A57433AD385}.Debug|x64.ActiveCfg = Debug|x64
		{C93C9595-0099-48D6-AB8D-2A57433AD385}.Debug|x64.Build.0 = Debug|x64
		{C93C9595-0099-48D6-AB8D-2A57433AD385}.Release|Win32.ActiveCfg = Release|x64
		{C93C9595-0099-48D6-AB8D-2A57433AD385}.Release|Win32.Build.0 = Release|x64
		{C93C9595-0099-48D6-AB8D-2A57433AD385}.Release|x64.ActiveCfg = Release|x64
		{C93C9595-0099-48D6-AB8D-2A57433AD385}.Release|x64.Build.0 = Release|x64
		{AC00C09A-C869-4823-AE00-A4786CC7633B}.Debug|Win32.ActiveCfg = Debug|Win32
		{AC00C09A-C869-4823-AE00-A4786CC7633B}.Debug|Win32.Build.0 = Debug|Win32
		{AC00C09A-C869-4823-AE00-A4786CC7633B}.Debug|x64.ActiveCfg = Debug|x64
		{AC00C09A-C869-4823-AE00-A4786CC7633B}.Debug|x64.Build.0 = Debug|x64
		{AC00C09A-C869-4823-AE00-A4786CC7633B}.Release|Win32.ActiveCfg = Release|Win32
		{AC00C09A-C869-4823-AE00-A4786CC7633B}.Release|Win32.Build.0 = Release|Win32
		{AC00C09A-C869-4823-AE00-A4786CC7633B}.Release|x64.ActiveCfg = Release|x64
		{AC00C09A-C869-4823-AE00-A4786CC7633B}.Release|x64.Build.0 = Release|x64
		{081EC151-9711-443E-BAD7-0EBD330812AA}.Debug|Win32.ActiveCfg = Debug|Win32
		{081EC151-9711-443E-BAD7-0EBD330812AA}.Debug|Win32.Build.0 = Debug|Win32
		{081EC151-9711-443E-BAD7-0EBD330812AA}.Debug|x64.ActiveCfg = Debug|x64
		{081EC151-9711-443E-BAD7-0EBD330812AA}.Debug|x64.Build.0 = Debug|x64
		{081EC151-9711-443E-BAD7-0EBD330812AA}.Release|Win32.ActiveCfg = Release|Win32
		{081EC151-9711-443E-BAD7-0EBD330812AA}.Release|Win32.Build.0 = Release|Win32
		{081EC151-9711-443E-BAD7-0EBD330812AA}.Release|x64.ActiveCfg = Release|x64
		{081EC151-9711-443E-BAD7-0EBD330812AA}.Release|x64.Build.0 = Release|x64
		{7CE24B6D-F6DE-4444-88FA-FB77A4DE30BC}.Debug|Win32.ActiveCfg = Debug|Win32
		{7CE24B6D-F6DE-4444-88FA-FB77A4DE30BC}.Debug|Win32.Build.0 = Debug|Win32
		{7CE24B6D-F6DE-4444-88FA-FB77A4DE30BC}.Debug|x64.ActiveCfg = Debug|x64
		{7CE24B6D-F6DE-4444-88FA-FB77A4DE30BC}.Debug|x64.Build.0 = Debug|x64
		{7CE24B6D-F6DE-4444-88FA-FB77A4DE30BC}.Release|Win32.ActiveCfg = Release|Win32
		{7CE24B6D-F6DE-4444-88FA-FB77A4DE30BC}.Release|Win32.Build.0 = Release|Win32
		{7CE24B6D-F6DE-4444-88FA-FB77A4DE30BC}.Release|x64.ActiveCfg = Release|x64
		{7CE24B6D-F6DE-4444-88FA-FB77A4DE30BC}.Release|x64.Build.0 = Release|x64
	EndGlobalSection
	GlobalSection(SolutionProperties) = preSolution
		HideSolutionNode = FALSE
	EndGlobalSection
EndGlobal
